
Microsoft Visual Studio Solution File, Format Version 12.00
# Visual Studio 15
VisualStudioVersion = 15.0.26228.4
MinimumVisualStudioVersion = 10.0.40219.1
Project("{2150E333-8FDC-42A3-9474-1A3956D46DE8}") = "src", "src", "{613CA06B-B40D-4428-B552-D4CC0F30C684}"
EndProject
Project("{2150E333-8FDC-42A3-9474-1A3956D46DE8}") = "Solution Items", "Solution Items", "{D8582458-13E4-4FD2-B945-EE11A7D0C3B3}"
EndProject
Project("{2150E333-8FDC-42A3-9474-1A3956D46DE8}") = "samples", "samples", "{A7942B62-D32B-415C-AFEA-1F07CEA772C1}"
EndProject
Project("{FAE04EC0-301F-11D3-BF4B-00C04F79EFBC}") = "BotFramework.NET", "src\BotFramework.NET\BotFramework.NET.csproj", "{03D49F11-B7C4-4EA1-92CA-65C2F7305ADD}"
EndProject
Project("{D954291E-2A0B-460D-934E-DC6B0785DB48}") = "BotFramework", "src\BotFramework\BotFramework.shproj", "{65DFE5AA-300D-40E8-82A2-B6DB7D72EEC7}"
EndProject
Project("{FAE04EC0-301F-11D3-BF4B-00C04F79EFBC}") = "BotFramework.iOS", "src\BotFramework.iOS\BotFramework.iOS.csproj", "{FD943C15-8BFC-48B4-BEA2-9B866D22B10D}"
EndProject
Project("{FAE04EC0-301F-11D3-BF4B-00C04F79EFBC}") = "BotFramework.Droid", "src\BotFramework.Droid\BotFramework.Droid.csproj", "{CE8ACC9E-F539-4535-85E8-690CA46CB26A}"
EndProject
Project("{D954291E-2A0B-460D-934E-DC6B0785DB48}") = "BotChatForms", "samples\BotChatForms\BotChatForms\BotChatForms.shproj", "{94429381-CDDB-43A3-B249-62F960E74F4C}"
EndProject
Project("{FAE04EC0-301F-11D3-BF4B-00C04F79EFBC}") = "BotChatForms.Droid", "samples\BotChatForms\BotChatForms.Droid\BotChatForms.Droid.csproj", "{91896DC0-2109-4612-839A-AC06521667E5}"
EndProject
Project("{FAE04EC0-301F-11D3-BF4B-00C04F79EFBC}") = "BotChatForms.iOS", "samples\BotChatForms\BotChatForms.iOS\BotChatForms.iOS.csproj", "{99346658-77A9-4BB6-B4C1-DD68BE1D01AF}"
EndProject
Project("{FAE04EC0-301F-11D3-BF4B-00C04F79EFBC}") = "BotChatForms.UWP", "samples\BotChatForms\BotChatForms.UWP\BotChatForms.UWP.csproj", "{8E7BB8BE-E0D7-4D5B-B063-BEE615696F6B}"
EndProject
Project("{D954291E-2A0B-460D-934E-DC6B0785DB48}") = "BotFramework.UI", "src\BotFramework.UI\BotFramework.UI.shproj", "{FF044C57-09D9-479D-9564-A9765F2BAE7F}"
EndProject
Project("{FAE04EC0-301F-11D3-BF4B-00C04F79EFBC}") = "BotFramework.PCL", "src\BotFramework.PCL\BotFramework.PCL.csproj", "{BFDD7CCB-CEE4-42DE-B9FD-3D30C5AF1C57}"
EndProject
Project("{FAE04EC0-301F-11D3-BF4B-00C04F79EFBC}") = "BotFramework.Forms", "src\BotFramework.Forms\BotFramework.Forms.csproj", "{D8B41CB4-5CC8-41EA-9B2A-1EACCBB33B56}"
EndProject
Global
	GlobalSection(SharedMSBuildProjectFiles) = preSolution
		src\BotFramework\BotFramework.projitems*{65dfe5aa-300d-40e8-82a2-b6db7d72eec7}*SharedItemsImports = 13
		samples\BotChatForms\BotChatForms\BotChatForms.projitems*{8e7bb8be-e0d7-4d5b-b063-bee615696f6b}*SharedItemsImports = 4
		samples\BotChatForms\BotChatForms\BotChatForms.projitems*{91896dc0-2109-4612-839a-ac06521667e5}*SharedItemsImports = 4
		src\BotFramework.UI\BotFramework.UI.projitems*{91896dc0-2109-4612-839a-ac06521667e5}*SharedItemsImports = 4
		samples\BotChatForms\BotChatForms\BotChatForms.projitems*{94429381-cddb-43a3-b249-62f960e74f4c}*SharedItemsImports = 13
		samples\BotChatForms\BotChatForms\BotChatForms.projitems*{99346658-77a9-4bb6-b4c1-dd68be1d01af}*SharedItemsImports = 4
		src\BotFramework.UI\BotFramework.UI.projitems*{99346658-77a9-4bb6-b4c1-dd68be1d01af}*SharedItemsImports = 4
		src\BotFramework\BotFramework.projitems*{bfdd7ccb-cee4-42de-b9fd-3d30c5af1c57}*SharedItemsImports = 4
		src\BotFramework\BotFramework.projitems*{ce8acc9e-f539-4535-85e8-690ca46cb26a}*SharedItemsImports = 4
		samples\BotChatForms\BotChatForms\BotChatForms.projitems*{d8b41cb4-5cc8-41ea-9b2a-1eaccbb33b56}*SharedItemsImports = 4
		src\BotFramework.UI\BotFramework.UI.projitems*{d8b41cb4-5cc8-41ea-9b2a-1eaccbb33b56}*SharedItemsImports = 4
		src\BotFramework\BotFramework.projitems*{fd943c15-8bfc-48b4-bea2-9b866d22b10d}*SharedItemsImports = 4
		src\BotFramework.UI\BotFramework.UI.projitems*{ff044c57-09d9-479d-9564-a9765f2bae7f}*SharedItemsImports = 13
	EndGlobalSection
	GlobalSection(SolutionConfigurationPlatforms) = preSolution
		Ad-Hoc|Any CPU = Ad-Hoc|Any CPU
		Ad-Hoc|ARM = Ad-Hoc|ARM
		Ad-Hoc|iPhone = Ad-Hoc|iPhone
		Ad-Hoc|iPhoneSimulator = Ad-Hoc|iPhoneSimulator
		Ad-Hoc|x64 = Ad-Hoc|x64
		Ad-Hoc|x86 = Ad-Hoc|x86
		AppStore|Any CPU = AppStore|Any CPU
		AppStore|ARM = AppStore|ARM
		AppStore|iPhone = AppStore|iPhone
		AppStore|iPhoneSimulator = AppStore|iPhoneSimulator
		AppStore|x64 = AppStore|x64
		AppStore|x86 = AppStore|x86
		Debug|Any CPU = Debug|Any CPU
		Debug|ARM = Debug|ARM
		Debug|iPhone = Debug|iPhone
		Debug|iPhoneSimulator = Debug|iPhoneSimulator
		Debug|x64 = Debug|x64
		Debug|x86 = Debug|x86
		Release|Any CPU = Release|Any CPU
		Release|ARM = Release|ARM
		Release|iPhone = Release|iPhone
		Release|iPhoneSimulator = Release|iPhoneSimulator
		Release|x64 = Release|x64
		Release|x86 = Release|x86
	EndGlobalSection
	GlobalSection(ProjectConfigurationPlatforms) = postSolution
		{03D49F11-B7C4-4EA1-92CA-65C2F7305ADD}.Ad-Hoc|Any CPU.ActiveCfg = Debug|Any CPU
		{03D49F11-B7C4-4EA1-92CA-65C2F7305ADD}.Ad-Hoc|Any CPU.Build.0 = Debug|Any CPU
		{03D49F11-B7C4-4EA1-92CA-65C2F7305ADD}.Ad-Hoc|ARM.ActiveCfg = Debug|Any CPU
		{03D49F11-B7C4-4EA1-92CA-65C2F7305ADD}.Ad-Hoc|ARM.Build.0 = Debug|Any CPU
		{03D49F11-B7C4-4EA1-92CA-65C2F7305ADD}.Ad-Hoc|iPhone.ActiveCfg = Debug|Any CPU
		{03D49F11-B7C4-4EA1-92CA-65C2F7305ADD}.Ad-Hoc|iPhone.Build.0 = Debug|Any CPU
		{03D49F11-B7C4-4EA1-92CA-65C2F7305ADD}.Ad-Hoc|iPhoneSimulator.ActiveCfg = Debug|Any CPU
		{03D49F11-B7C4-4EA1-92CA-65C2F7305ADD}.Ad-Hoc|iPhoneSimulator.Build.0 = Debug|Any CPU
		{03D49F11-B7C4-4EA1-92CA-65C2F7305ADD}.Ad-Hoc|x64.ActiveCfg = Debug|Any CPU
		{03D49F11-B7C4-4EA1-92CA-65C2F7305ADD}.Ad-Hoc|x64.Build.0 = Debug|Any CPU
		{03D49F11-B7C4-4EA1-92CA-65C2F7305ADD}.Ad-Hoc|x86.ActiveCfg = Debug|Any CPU
		{03D49F11-B7C4-4EA1-92CA-65C2F7305ADD}.Ad-Hoc|x86.Build.0 = Debug|Any CPU
		{03D49F11-B7C4-4EA1-92CA-65C2F7305ADD}.AppStore|Any CPU.ActiveCfg = Debug|Any CPU
		{03D49F11-B7C4-4EA1-92CA-65C2F7305ADD}.AppStore|Any CPU.Build.0 = Debug|Any CPU
		{03D49F11-B7C4-4EA1-92CA-65C2F7305ADD}.AppStore|ARM.ActiveCfg = Debug|Any CPU
		{03D49F11-B7C4-4EA1-92CA-65C2F7305ADD}.AppStore|ARM.Build.0 = Debug|Any CPU
		{03D49F11-B7C4-4EA1-92CA-65C2F7305ADD}.AppStore|iPhone.ActiveCfg = Debug|Any CPU
		{03D49F11-B7C4-4EA1-92CA-65C2F7305ADD}.AppStore|iPhone.Build.0 = Debug|Any CPU
		{03D49F11-B7C4-4EA1-92CA-65C2F7305ADD}.AppStore|iPhoneSimulator.ActiveCfg = Debug|Any CPU
		{03D49F11-B7C4-4EA1-92CA-65C2F7305ADD}.AppStore|iPhoneSimulator.Build.0 = Debug|Any CPU
		{03D49F11-B7C4-4EA1-92CA-65C2F7305ADD}.AppStore|x64.ActiveCfg = Debug|Any CPU
		{03D49F11-B7C4-4EA1-92CA-65C2F7305ADD}.AppStore|x64.Build.0 = Debug|Any CPU
		{03D49F11-B7C4-4EA1-92CA-65C2F7305ADD}.AppStore|x86.ActiveCfg = Debug|Any CPU
		{03D49F11-B7C4-4EA1-92CA-65C2F7305ADD}.AppStore|x86.Build.0 = Debug|Any CPU
		{03D49F11-B7C4-4EA1-92CA-65C2F7305ADD}.Debug|Any CPU.ActiveCfg = Debug|Any CPU
		{03D49F11-B7C4-4EA1-92CA-65C2F7305ADD}.Debug|Any CPU.Build.0 = Debug|Any CPU
		{03D49F11-B7C4-4EA1-92CA-65C2F7305ADD}.Debug|ARM.ActiveCfg = Debug|Any CPU
		{03D49F11-B7C4-4EA1-92CA-65C2F7305ADD}.Debug|ARM.Build.0 = Debug|Any CPU
		{03D49F11-B7C4-4EA1-92CA-65C2F7305ADD}.Debug|iPhone.ActiveCfg = Debug|Any CPU
		{03D49F11-B7C4-4EA1-92CA-65C2F7305ADD}.Debug|iPhone.Build.0 = Debug|Any CPU
		{03D49F11-B7C4-4EA1-92CA-65C2F7305ADD}.Debug|iPhoneSimulator.ActiveCfg = Debug|Any CPU
		{03D49F11-B7C4-4EA1-92CA-65C2F7305ADD}.Debug|iPhoneSimulator.Build.0 = Debug|Any CPU
		{03D49F11-B7C4-4EA1-92CA-65C2F7305ADD}.Debug|x64.ActiveCfg = Debug|Any CPU
		{03D49F11-B7C4-4EA1-92CA-65C2F7305ADD}.Debug|x64.Build.0 = Debug|Any CPU
		{03D49F11-B7C4-4EA1-92CA-65C2F7305ADD}.Debug|x86.ActiveCfg = Debug|Any CPU
		{03D49F11-B7C4-4EA1-92CA-65C2F7305ADD}.Debug|x86.Build.0 = Debug|Any CPU
		{03D49F11-B7C4-4EA1-92CA-65C2F7305ADD}.Release|Any CPU.ActiveCfg = Release|Any CPU
		{03D49F11-B7C4-4EA1-92CA-65C2F7305ADD}.Release|Any CPU.Build.0 = Release|Any CPU
		{03D49F11-B7C4-4EA1-92CA-65C2F7305ADD}.Release|ARM.ActiveCfg = Release|Any CPU
		{03D49F11-B7C4-4EA1-92CA-65C2F7305ADD}.Release|ARM.Build.0 = Release|Any CPU
		{03D49F11-B7C4-4EA1-92CA-65C2F7305ADD}.Release|iPhone.ActiveCfg = Release|Any CPU
		{03D49F11-B7C4-4EA1-92CA-65C2F7305ADD}.Release|iPhone.Build.0 = Release|Any CPU
		{03D49F11-B7C4-4EA1-92CA-65C2F7305ADD}.Release|iPhoneSimulator.ActiveCfg = Release|Any CPU
		{03D49F11-B7C4-4EA1-92CA-65C2F7305ADD}.Release|iPhoneSimulator.Build.0 = Release|Any CPU
		{03D49F11-B7C4-4EA1-92CA-65C2F7305ADD}.Release|x64.ActiveCfg = Release|Any CPU
		{03D49F11-B7C4-4EA1-92CA-65C2F7305ADD}.Release|x64.Build.0 = Release|Any CPU
		{03D49F11-B7C4-4EA1-92CA-65C2F7305ADD}.Release|x86.ActiveCfg = Release|Any CPU
		{03D49F11-B7C4-4EA1-92CA-65C2F7305ADD}.Release|x86.Build.0 = Release|Any CPU
		{FD943C15-8BFC-48B4-BEA2-9B866D22B10D}.Ad-Hoc|Any CPU.ActiveCfg = Release|Any CPU
		{FD943C15-8BFC-48B4-BEA2-9B866D22B10D}.Ad-Hoc|Any CPU.Build.0 = Release|Any CPU
		{FD943C15-8BFC-48B4-BEA2-9B866D22B10D}.Ad-Hoc|ARM.ActiveCfg = Release|Any CPU
		{FD943C15-8BFC-48B4-BEA2-9B866D22B10D}.Ad-Hoc|ARM.Build.0 = Release|Any CPU
		{FD943C15-8BFC-48B4-BEA2-9B866D22B10D}.Ad-Hoc|iPhone.ActiveCfg = Release|Any CPU
		{FD943C15-8BFC-48B4-BEA2-9B866D22B10D}.Ad-Hoc|iPhone.Build.0 = Release|Any CPU
		{FD943C15-8BFC-48B4-BEA2-9B866D22B10D}.Ad-Hoc|iPhoneSimulator.ActiveCfg = Release|Any CPU
		{FD943C15-8BFC-48B4-BEA2-9B866D22B10D}.Ad-Hoc|iPhoneSimulator.Build.0 = Release|Any CPU
		{FD943C15-8BFC-48B4-BEA2-9B866D22B10D}.Ad-Hoc|x64.ActiveCfg = Release|Any CPU
		{FD943C15-8BFC-48B4-BEA2-9B866D22B10D}.Ad-Hoc|x64.Build.0 = Release|Any CPU
		{FD943C15-8BFC-48B4-BEA2-9B866D22B10D}.Ad-Hoc|x86.ActiveCfg = Release|Any CPU
		{FD943C15-8BFC-48B4-BEA2-9B866D22B10D}.Ad-Hoc|x86.Build.0 = Release|Any CPU
		{FD943C15-8BFC-48B4-BEA2-9B866D22B10D}.AppStore|Any CPU.ActiveCfg = Release|Any CPU
		{FD943C15-8BFC-48B4-BEA2-9B866D22B10D}.AppStore|Any CPU.Build.0 = Release|Any CPU
		{FD943C15-8BFC-48B4-BEA2-9B866D22B10D}.AppStore|ARM.ActiveCfg = Release|Any CPU
		{FD943C15-8BFC-48B4-BEA2-9B866D22B10D}.AppStore|ARM.Build.0 = Release|Any CPU
		{FD943C15-8BFC-48B4-BEA2-9B866D22B10D}.AppStore|iPhone.ActiveCfg = Release|Any CPU
		{FD943C15-8BFC-48B4-BEA2-9B866D22B10D}.AppStore|iPhone.Build.0 = Release|Any CPU
		{FD943C15-8BFC-48B4-BEA2-9B866D22B10D}.AppStore|iPhoneSimulator.ActiveCfg = Release|Any CPU
		{FD943C15-8BFC-48B4-BEA2-9B866D22B10D}.AppStore|iPhoneSimulator.Build.0 = Release|Any CPU
		{FD943C15-8BFC-48B4-BEA2-9B866D22B10D}.AppStore|x64.ActiveCfg = Release|Any CPU
		{FD943C15-8BFC-48B4-BEA2-9B866D22B10D}.AppStore|x64.Build.0 = Release|Any CPU
		{FD943C15-8BFC-48B4-BEA2-9B866D22B10D}.AppStore|x86.ActiveCfg = Release|Any CPU
		{FD943C15-8BFC-48B4-BEA2-9B866D22B10D}.AppStore|x86.Build.0 = Release|Any CPU
		{FD943C15-8BFC-48B4-BEA2-9B866D22B10D}.Debug|Any CPU.ActiveCfg = Debug|Any CPU
		{FD943C15-8BFC-48B4-BEA2-9B866D22B10D}.Debug|Any CPU.Build.0 = Debug|Any CPU
		{FD943C15-8BFC-48B4-BEA2-9B866D22B10D}.Debug|ARM.ActiveCfg = Debug|Any CPU
		{FD943C15-8BFC-48B4-BEA2-9B866D22B10D}.Debug|ARM.Build.0 = Debug|Any CPU
		{FD943C15-8BFC-48B4-BEA2-9B866D22B10D}.Debug|iPhone.ActiveCfg = Debug|Any CPU
		{FD943C15-8BFC-48B4-BEA2-9B866D22B10D}.Debug|iPhone.Build.0 = Debug|Any CPU
		{FD943C15-8BFC-48B4-BEA2-9B866D22B10D}.Debug|iPhoneSimulator.ActiveCfg = Debug|Any CPU
		{FD943C15-8BFC-48B4-BEA2-9B866D22B10D}.Debug|iPhoneSimulator.Build.0 = Debug|Any CPU
		{FD943C15-8BFC-48B4-BEA2-9B866D22B10D}.Debug|x64.ActiveCfg = Debug|Any CPU
		{FD943C15-8BFC-48B4-BEA2-9B866D22B10D}.Debug|x64.Build.0 = Debug|Any CPU
		{FD943C15-8BFC-48B4-BEA2-9B866D22B10D}.Debug|x86.ActiveCfg = Debug|Any CPU
		{FD943C15-8BFC-48B4-BEA2-9B866D22B10D}.Debug|x86.Build.0 = Debug|Any CPU
		{FD943C15-8BFC-48B4-BEA2-9B866D22B10D}.Release|Any CPU.ActiveCfg = Release|Any CPU
		{FD943C15-8BFC-48B4-BEA2-9B866D22B10D}.Release|Any CPU.Build.0 = Release|Any CPU
		{FD943C15-8BFC-48B4-BEA2-9B866D22B10D}.Release|ARM.ActiveCfg = Release|Any CPU
		{FD943C15-8BFC-48B4-BEA2-9B866D22B10D}.Release|ARM.Build.0 = Release|Any CPU
		{FD943C15-8BFC-48B4-BEA2-9B866D22B10D}.Release|iPhone.ActiveCfg = Release|Any CPU
		{FD943C15-8BFC-48B4-BEA2-9B866D22B10D}.Release|iPhone.Build.0 = Release|Any CPU
		{FD943C15-8BFC-48B4-BEA2-9B866D22B10D}.Release|iPhoneSimulator.ActiveCfg = Release|Any CPU
		{FD943C15-8BFC-48B4-BEA2-9B866D22B10D}.Release|iPhoneSimulator.Build.0 = Release|Any CPU
		{FD943C15-8BFC-48B4-BEA2-9B866D22B10D}.Release|x64.ActiveCfg = Release|Any CPU
		{FD943C15-8BFC-48B4-BEA2-9B866D22B10D}.Release|x64.Build.0 = Release|Any CPU
		{FD943C15-8BFC-48B4-BEA2-9B866D22B10D}.Release|x86.ActiveCfg = Release|Any CPU
		{FD943C15-8BFC-48B4-BEA2-9B866D22B10D}.Release|x86.Build.0 = Release|Any CPU
		{CE8ACC9E-F539-4535-85E8-690CA46CB26A}.Ad-Hoc|Any CPU.ActiveCfg = Release|Any CPU
		{CE8ACC9E-F539-4535-85E8-690CA46CB26A}.Ad-Hoc|Any CPU.Build.0 = Release|Any CPU
		{CE8ACC9E-F539-4535-85E8-690CA46CB26A}.Ad-Hoc|ARM.ActiveCfg = Release|Any CPU
		{CE8ACC9E-F539-4535-85E8-690CA46CB26A}.Ad-Hoc|ARM.Build.0 = Release|Any CPU
		{CE8ACC9E-F539-4535-85E8-690CA46CB26A}.Ad-Hoc|iPhone.ActiveCfg = Release|Any CPU
		{CE8ACC9E-F539-4535-85E8-690CA46CB26A}.Ad-Hoc|iPhone.Build.0 = Release|Any CPU
		{CE8ACC9E-F539-4535-85E8-690CA46CB26A}.Ad-Hoc|iPhoneSimulator.ActiveCfg = Release|Any CPU
		{CE8ACC9E-F539-4535-85E8-690CA46CB26A}.Ad-Hoc|iPhoneSimulator.Build.0 = Release|Any CPU
		{CE8ACC9E-F539-4535-85E8-690CA46CB26A}.Ad-Hoc|x64.ActiveCfg = Release|Any CPU
		{CE8ACC9E-F539-4535-85E8-690CA46CB26A}.Ad-Hoc|x64.Build.0 = Release|Any CPU
		{CE8ACC9E-F539-4535-85E8-690CA46CB26A}.Ad-Hoc|x86.ActiveCfg = Release|Any CPU
		{CE8ACC9E-F539-4535-85E8-690CA46CB26A}.Ad-Hoc|x86.Build.0 = Release|Any CPU
		{CE8ACC9E-F539-4535-85E8-690CA46CB26A}.AppStore|Any CPU.ActiveCfg = Release|Any CPU
		{CE8ACC9E-F539-4535-85E8-690CA46CB26A}.AppStore|Any CPU.Build.0 = Release|Any CPU
		{CE8ACC9E-F539-4535-85E8-690CA46CB26A}.AppStore|ARM.ActiveCfg = Release|Any CPU
		{CE8ACC9E-F539-4535-85E8-690CA46CB26A}.AppStore|ARM.Build.0 = Release|Any CPU
		{CE8ACC9E-F539-4535-85E8-690CA46CB26A}.AppStore|iPhone.ActiveCfg = Release|Any CPU
		{CE8ACC9E-F539-4535-85E8-690CA46CB26A}.AppStore|iPhone.Build.0 = Release|Any CPU
		{CE8ACC9E-F539-4535-85E8-690CA46CB26A}.AppStore|iPhoneSimulator.ActiveCfg = Release|Any CPU
		{CE8ACC9E-F539-4535-85E8-690CA46CB26A}.AppStore|iPhoneSimulator.Build.0 = Release|Any CPU
		{CE8ACC9E-F539-4535-85E8-690CA46CB26A}.AppStore|x64.ActiveCfg = Release|Any CPU
		{CE8ACC9E-F539-4535-85E8-690CA46CB26A}.AppStore|x64.Build.0 = Release|Any CPU
		{CE8ACC9E-F539-4535-85E8-690CA46CB26A}.AppStore|x86.ActiveCfg = Release|Any CPU
		{CE8ACC9E-F539-4535-85E8-690CA46CB26A}.AppStore|x86.Build.0 = Release|Any CPU
		{CE8ACC9E-F539-4535-85E8-690CA46CB26A}.Debug|Any CPU.ActiveCfg = Debug|Any CPU
		{CE8ACC9E-F539-4535-85E8-690CA46CB26A}.Debug|Any CPU.Build.0 = Debug|Any CPU
		{CE8ACC9E-F539-4535-85E8-690CA46CB26A}.Debug|ARM.ActiveCfg = Debug|Any CPU
		{CE8ACC9E-F539-4535-85E8-690CA46CB26A}.Debug|ARM.Build.0 = Debug|Any CPU
		{CE8ACC9E-F539-4535-85E8-690CA46CB26A}.Debug|iPhone.ActiveCfg = Debug|Any CPU
		{CE8ACC9E-F539-4535-85E8-690CA46CB26A}.Debug|iPhone.Build.0 = Debug|Any CPU
		{CE8ACC9E-F539-4535-85E8-690CA46CB26A}.Debug|iPhoneSimulator.ActiveCfg = Debug|Any CPU
		{CE8ACC9E-F539-4535-85E8-690CA46CB26A}.Debug|iPhoneSimulator.Build.0 = Debug|Any CPU
		{CE8ACC9E-F539-4535-85E8-690CA46CB26A}.Debug|x64.ActiveCfg = Debug|Any CPU
		{CE8ACC9E-F539-4535-85E8-690CA46CB26A}.Debug|x64.Build.0 = Debug|Any CPU
		{CE8ACC9E-F539-4535-85E8-690CA46CB26A}.Debug|x86.ActiveCfg = Debug|Any CPU
		{CE8ACC9E-F539-4535-85E8-690CA46CB26A}.Debug|x86.Build.0 = Debug|Any CPU
		{CE8ACC9E-F539-4535-85E8-690CA46CB26A}.Release|Any CPU.ActiveCfg = Release|Any CPU
		{CE8ACC9E-F539-4535-85E8-690CA46CB26A}.Release|Any CPU.Build.0 = Release|Any CPU
		{CE8ACC9E-F539-4535-85E8-690CA46CB26A}.Release|ARM.ActiveCfg = Release|Any CPU
		{CE8ACC9E-F539-4535-85E8-690CA46CB26A}.Release|ARM.Build.0 = Release|Any CPU
		{CE8ACC9E-F539-4535-85E8-690CA46CB26A}.Release|iPhone.ActiveCfg = Release|Any CPU
		{CE8ACC9E-F539-4535-85E8-690CA46CB26A}.Release|iPhone.Build.0 = Release|Any CPU
		{CE8ACC9E-F539-4535-85E8-690CA46CB26A}.Release|iPhoneSimulator.ActiveCfg = Release|Any CPU
		{CE8ACC9E-F539-4535-85E8-690CA46CB26A}.Release|iPhoneSimulator.Build.0 = Release|Any CPU
		{CE8ACC9E-F539-4535-85E8-690CA46CB26A}.Release|x64.ActiveCfg = Release|Any CPU
		{CE8ACC9E-F539-4535-85E8-690CA46CB26A}.Release|x64.Build.0 = Release|Any CPU
		{CE8ACC9E-F539-4535-85E8-690CA46CB26A}.Release|x86.ActiveCfg = Release|Any CPU
		{CE8ACC9E-F539-4535-85E8-690CA46CB26A}.Release|x86.Build.0 = Release|Any CPU
		{91896DC0-2109-4612-839A-AC06521667E5}.Ad-Hoc|Any CPU.ActiveCfg = Release|Any CPU
		{91896DC0-2109-4612-839A-AC06521667E5}.Ad-Hoc|Any CPU.Build.0 = Release|Any CPU
		{91896DC0-2109-4612-839A-AC06521667E5}.Ad-Hoc|Any CPU.Deploy.0 = Release|Any CPU
		{91896DC0-2109-4612-839A-AC06521667E5}.Ad-Hoc|ARM.ActiveCfg = Release|Any CPU
		{91896DC0-2109-4612-839A-AC06521667E5}.Ad-Hoc|ARM.Build.0 = Release|Any CPU
		{91896DC0-2109-4612-839A-AC06521667E5}.Ad-Hoc|ARM.Deploy.0 = Release|Any CPU
		{91896DC0-2109-4612-839A-AC06521667E5}.Ad-Hoc|iPhone.ActiveCfg = Release|Any CPU
		{91896DC0-2109-4612-839A-AC06521667E5}.Ad-Hoc|iPhone.Build.0 = Release|Any CPU
		{91896DC0-2109-4612-839A-AC06521667E5}.Ad-Hoc|iPhone.Deploy.0 = Release|Any CPU
		{91896DC0-2109-4612-839A-AC06521667E5}.Ad-Hoc|iPhoneSimulator.ActiveCfg = Release|Any CPU
		{91896DC0-2109-4612-839A-AC06521667E5}.Ad-Hoc|iPhoneSimulator.Build.0 = Release|Any CPU
		{91896DC0-2109-4612-839A-AC06521667E5}.Ad-Hoc|iPhoneSimulator.Deploy.0 = Release|Any CPU
		{91896DC0-2109-4612-839A-AC06521667E5}.Ad-Hoc|x64.ActiveCfg = Release|Any CPU
		{91896DC0-2109-4612-839A-AC06521667E5}.Ad-Hoc|x64.Build.0 = Release|Any CPU
		{91896DC0-2109-4612-839A-AC06521667E5}.Ad-Hoc|x64.Deploy.0 = Release|Any CPU
		{91896DC0-2109-4612-839A-AC06521667E5}.Ad-Hoc|x86.ActiveCfg = Release|Any CPU
		{91896DC0-2109-4612-839A-AC06521667E5}.Ad-Hoc|x86.Build.0 = Release|Any CPU
		{91896DC0-2109-4612-839A-AC06521667E5}.Ad-Hoc|x86.Deploy.0 = Release|Any CPU
		{91896DC0-2109-4612-839A-AC06521667E5}.AppStore|Any CPU.ActiveCfg = Release|Any CPU
		{91896DC0-2109-4612-839A-AC06521667E5}.AppStore|Any CPU.Build.0 = Release|Any CPU
		{91896DC0-2109-4612-839A-AC06521667E5}.AppStore|Any CPU.Deploy.0 = Release|Any CPU
		{91896DC0-2109-4612-839A-AC06521667E5}.AppStore|ARM.ActiveCfg = Release|Any CPU
		{91896DC0-2109-4612-839A-AC06521667E5}.AppStore|ARM.Build.0 = Release|Any CPU
		{91896DC0-2109-4612-839A-AC06521667E5}.AppStore|ARM.Deploy.0 = Release|Any CPU
		{91896DC0-2109-4612-839A-AC06521667E5}.AppStore|iPhone.ActiveCfg = Release|Any CPU
		{91896DC0-2109-4612-839A-AC06521667E5}.AppStore|iPhone.Build.0 = Release|Any CPU
		{91896DC0-2109-4612-839A-AC06521667E5}.AppStore|iPhone.Deploy.0 = Release|Any CPU
		{91896DC0-2109-4612-839A-AC06521667E5}.AppStore|iPhoneSimulator.ActiveCfg = Release|Any CPU
		{91896DC0-2109-4612-839A-AC06521667E5}.AppStore|iPhoneSimulator.Build.0 = Release|Any CPU
		{91896DC0-2109-4612-839A-AC06521667E5}.AppStore|iPhoneSimulator.Deploy.0 = Release|Any CPU
		{91896DC0-2109-4612-839A-AC06521667E5}.AppStore|x64.ActiveCfg = Release|Any CPU
		{91896DC0-2109-4612-839A-AC06521667E5}.AppStore|x64.Build.0 = Release|Any CPU
		{91896DC0-2109-4612-839A-AC06521667E5}.AppStore|x64.Deploy.0 = Release|Any CPU
		{91896DC0-2109-4612-839A-AC06521667E5}.AppStore|x86.ActiveCfg = Release|Any CPU
		{91896DC0-2109-4612-839A-AC06521667E5}.AppStore|x86.Build.0 = Release|Any CPU
		{91896DC0-2109-4612-839A-AC06521667E5}.AppStore|x86.Deploy.0 = Release|Any CPU
		{91896DC0-2109-4612-839A-AC06521667E5}.Debug|Any CPU.ActiveCfg = Debug|Any CPU
		{91896DC0-2109-4612-839A-AC06521667E5}.Debug|Any CPU.Build.0 = Debug|Any CPU
		{91896DC0-2109-4612-839A-AC06521667E5}.Debug|Any CPU.Deploy.0 = Debug|Any CPU
		{91896DC0-2109-4612-839A-AC06521667E5}.Debug|ARM.ActiveCfg = Debug|Any CPU
		{91896DC0-2109-4612-839A-AC06521667E5}.Debug|ARM.Build.0 = Debug|Any CPU
		{91896DC0-2109-4612-839A-AC06521667E5}.Debug|ARM.Deploy.0 = Debug|Any CPU
		{91896DC0-2109-4612-839A-AC06521667E5}.Debug|iPhone.ActiveCfg = Debug|Any CPU
		{91896DC0-2109-4612-839A-AC06521667E5}.Debug|iPhone.Build.0 = Debug|Any CPU
		{91896DC0-2109-4612-839A-AC06521667E5}.Debug|iPhone.Deploy.0 = Debug|Any CPU
		{91896DC0-2109-4612-839A-AC06521667E5}.Debug|iPhoneSimulator.ActiveCfg = Debug|Any CPU
		{91896DC0-2109-4612-839A-AC06521667E5}.Debug|iPhoneSimulator.Build.0 = Debug|Any CPU
		{91896DC0-2109-4612-839A-AC06521667E5}.Debug|iPhoneSimulator.Deploy.0 = Debug|Any CPU
		{91896DC0-2109-4612-839A-AC06521667E5}.Debug|x64.ActiveCfg = Debug|Any CPU
		{91896DC0-2109-4612-839A-AC06521667E5}.Debug|x64.Build.0 = Debug|Any CPU
		{91896DC0-2109-4612-839A-AC06521667E5}.Debug|x64.Deploy.0 = Debug|Any CPU
		{91896DC0-2109-4612-839A-AC06521667E5}.Debug|x86.ActiveCfg = Debug|Any CPU
		{91896DC0-2109-4612-839A-AC06521667E5}.Debug|x86.Build.0 = Debug|Any CPU
		{91896DC0-2109-4612-839A-AC06521667E5}.Debug|x86.Deploy.0 = Debug|Any CPU
		{91896DC0-2109-4612-839A-AC06521667E5}.Release|Any CPU.ActiveCfg = Release|Any CPU
		{91896DC0-2109-4612-839A-AC06521667E5}.Release|Any CPU.Build.0 = Release|Any CPU
		{91896DC0-2109-4612-839A-AC06521667E5}.Release|Any CPU.Deploy.0 = Release|Any CPU
		{91896DC0-2109-4612-839A-AC06521667E5}.Release|ARM.ActiveCfg = Release|Any CPU
		{91896DC0-2109-4612-839A-AC06521667E5}.Release|ARM.Build.0 = Release|Any CPU
		{91896DC0-2109-4612-839A-AC06521667E5}.Release|ARM.Deploy.0 = Release|Any CPU
		{91896DC0-2109-4612-839A-AC06521667E5}.Release|iPhone.ActiveCfg = Release|Any CPU
		{91896DC0-2109-4612-839A-AC06521667E5}.Release|iPhone.Build.0 = Release|Any CPU
		{91896DC0-2109-4612-839A-AC06521667E5}.Release|iPhone.Deploy.0 = Release|Any CPU
		{91896DC0-2109-4612-839A-AC06521667E5}.Release|iPhoneSimulator.ActiveCfg = Release|Any CPU
		{91896DC0-2109-4612-839A-AC06521667E5}.Release|iPhoneSimulator.Build.0 = Release|Any CPU
		{91896DC0-2109-4612-839A-AC06521667E5}.Release|iPhoneSimulator.Deploy.0 = Release|Any CPU
		{91896DC0-2109-4612-839A-AC06521667E5}.Release|x64.ActiveCfg = Release|Any CPU
		{91896DC0-2109-4612-839A-AC06521667E5}.Release|x64.Build.0 = Release|Any CPU
		{91896DC0-2109-4612-839A-AC06521667E5}.Release|x64.Deploy.0 = Release|Any CPU
		{91896DC0-2109-4612-839A-AC06521667E5}.Release|x86.ActiveCfg = Release|Any CPU
		{91896DC0-2109-4612-839A-AC06521667E5}.Release|x86.Build.0 = Release|Any CPU
		{91896DC0-2109-4612-839A-AC06521667E5}.Release|x86.Deploy.0 = Release|Any CPU
		{99346658-77A9-4BB6-B4C1-DD68BE1D01AF}.Ad-Hoc|Any CPU.ActiveCfg = Ad-Hoc|iPhone
		{99346658-77A9-4BB6-B4C1-DD68BE1D01AF}.Ad-Hoc|ARM.ActiveCfg = Ad-Hoc|iPhone
		{99346658-77A9-4BB6-B4C1-DD68BE1D01AF}.Ad-Hoc|iPhone.ActiveCfg = Ad-Hoc|iPhone
		{99346658-77A9-4BB6-B4C1-DD68BE1D01AF}.Ad-Hoc|iPhone.Build.0 = Ad-Hoc|iPhone
		{99346658-77A9-4BB6-B4C1-DD68BE1D01AF}.Ad-Hoc|iPhoneSimulator.ActiveCfg = Ad-Hoc|iPhoneSimulator
		{99346658-77A9-4BB6-B4C1-DD68BE1D01AF}.Ad-Hoc|iPhoneSimulator.Build.0 = Ad-Hoc|iPhoneSimulator
		{99346658-77A9-4BB6-B4C1-DD68BE1D01AF}.Ad-Hoc|x64.ActiveCfg = Ad-Hoc|iPhone
		{99346658-77A9-4BB6-B4C1-DD68BE1D01AF}.Ad-Hoc|x86.ActiveCfg = Ad-Hoc|iPhone
		{99346658-77A9-4BB6-B4C1-DD68BE1D01AF}.AppStore|Any CPU.ActiveCfg = AppStore|iPhone
		{99346658-77A9-4BB6-B4C1-DD68BE1D01AF}.AppStore|ARM.ActiveCfg = AppStore|iPhone
		{99346658-77A9-4BB6-B4C1-DD68BE1D01AF}.AppStore|iPhone.ActiveCfg = AppStore|iPhone
		{99346658-77A9-4BB6-B4C1-DD68BE1D01AF}.AppStore|iPhone.Build.0 = AppStore|iPhone
		{99346658-77A9-4BB6-B4C1-DD68BE1D01AF}.AppStore|iPhoneSimulator.ActiveCfg = AppStore|iPhoneSimulator
		{99346658-77A9-4BB6-B4C1-DD68BE1D01AF}.AppStore|iPhoneSimulator.Build.0 = AppStore|iPhoneSimulator
		{99346658-77A9-4BB6-B4C1-DD68BE1D01AF}.AppStore|x64.ActiveCfg = AppStore|iPhone
		{99346658-77A9-4BB6-B4C1-DD68BE1D01AF}.AppStore|x86.ActiveCfg = AppStore|iPhone
		{99346658-77A9-4BB6-B4C1-DD68BE1D01AF}.Debug|Any CPU.ActiveCfg = Debug|iPhone
		{99346658-77A9-4BB6-B4C1-DD68BE1D01AF}.Debug|ARM.ActiveCfg = Debug|iPhone
		{99346658-77A9-4BB6-B4C1-DD68BE1D01AF}.Debug|iPhone.ActiveCfg = Debug|iPhone
		{99346658-77A9-4BB6-B4C1-DD68BE1D01AF}.Debug|iPhone.Build.0 = Debug|iPhone
		{99346658-77A9-4BB6-B4C1-DD68BE1D01AF}.Debug|iPhoneSimulator.ActiveCfg = Debug|iPhoneSimulator
		{99346658-77A9-4BB6-B4C1-DD68BE1D01AF}.Debug|iPhoneSimulator.Build.0 = Debug|iPhoneSimulator
		{99346658-77A9-4BB6-B4C1-DD68BE1D01AF}.Debug|x64.ActiveCfg = Debug|iPhone
		{99346658-77A9-4BB6-B4C1-DD68BE1D01AF}.Debug|x86.ActiveCfg = Debug|iPhone
		{99346658-77A9-4BB6-B4C1-DD68BE1D01AF}.Release|Any CPU.ActiveCfg = Release|iPhone
		{99346658-77A9-4BB6-B4C1-DD68BE1D01AF}.Release|ARM.ActiveCfg = Release|iPhone
		{99346658-77A9-4BB6-B4C1-DD68BE1D01AF}.Release|iPhone.ActiveCfg = Release|iPhone
		{99346658-77A9-4BB6-B4C1-DD68BE1D01AF}.Release|iPhone.Build.0 = Release|iPhone
		{99346658-77A9-4BB6-B4C1-DD68BE1D01AF}.Release|iPhoneSimulator.ActiveCfg = Release|iPhoneSimulator
		{99346658-77A9-4BB6-B4C1-DD68BE1D01AF}.Release|iPhoneSimulator.Build.0 = Release|iPhoneSimulator
		{99346658-77A9-4BB6-B4C1-DD68BE1D01AF}.Release|x64.ActiveCfg = Release|iPhone
		{99346658-77A9-4BB6-B4C1-DD68BE1D01AF}.Release|x86.ActiveCfg = Release|iPhone
		{8E7BB8BE-E0D7-4D5B-B063-BEE615696F6B}.Ad-Hoc|Any CPU.ActiveCfg = Release|x86
		{8E7BB8BE-E0D7-4D5B-B063-BEE615696F6B}.Ad-Hoc|Any CPU.Build.0 = Release|x86
		{8E7BB8BE-E0D7-4D5B-B063-BEE615696F6B}.Ad-Hoc|Any CPU.Deploy.0 = Release|x86
		{8E7BB8BE-E0D7-4D5B-B063-BEE615696F6B}.Ad-Hoc|ARM.ActiveCfg = Release|ARM
		{8E7BB8BE-E0D7-4D5B-B063-BEE615696F6B}.Ad-Hoc|ARM.Build.0 = Release|ARM
		{8E7BB8BE-E0D7-4D5B-B063-BEE615696F6B}.Ad-Hoc|ARM.Deploy.0 = Release|ARM
		{8E7BB8BE-E0D7-4D5B-B063-BEE615696F6B}.Ad-Hoc|iPhone.ActiveCfg = Release|x86
		{8E7BB8BE-E0D7-4D5B-B063-BEE615696F6B}.Ad-Hoc|iPhone.Build.0 = Release|x86
		{8E7BB8BE-E0D7-4D5B-B063-BEE615696F6B}.Ad-Hoc|iPhone.Deploy.0 = Release|x86
		{8E7BB8BE-E0D7-4D5B-B063-BEE615696F6B}.Ad-Hoc|iPhoneSimulator.ActiveCfg = Release|x86
		{8E7BB8BE-E0D7-4D5B-B063-BEE615696F6B}.Ad-Hoc|iPhoneSimulator.Build.0 = Release|x86
		{8E7BB8BE-E0D7-4D5B-B063-BEE615696F6B}.Ad-Hoc|iPhoneSimulator.Deploy.0 = Release|x86
		{8E7BB8BE-E0D7-4D5B-B063-BEE615696F6B}.Ad-Hoc|x64.ActiveCfg = Release|x64
		{8E7BB8BE-E0D7-4D5B-B063-BEE615696F6B}.Ad-Hoc|x64.Build.0 = Release|x64
		{8E7BB8BE-E0D7-4D5B-B063-BEE615696F6B}.Ad-Hoc|x64.Deploy.0 = Release|x64
		{8E7BB8BE-E0D7-4D5B-B063-BEE615696F6B}.Ad-Hoc|x86.ActiveCfg = Release|x86
		{8E7BB8BE-E0D7-4D5B-B063-BEE615696F6B}.Ad-Hoc|x86.Build.0 = Release|x86
		{8E7BB8BE-E0D7-4D5B-B063-BEE615696F6B}.Ad-Hoc|x86.Deploy.0 = Release|x86
		{8E7BB8BE-E0D7-4D5B-B063-BEE615696F6B}.AppStore|Any CPU.ActiveCfg = Release|x86
		{8E7BB8BE-E0D7-4D5B-B063-BEE615696F6B}.AppStore|Any CPU.Build.0 = Release|x86
		{8E7BB8BE-E0D7-4D5B-B063-BEE615696F6B}.AppStore|Any CPU.Deploy.0 = Release|x86
		{8E7BB8BE-E0D7-4D5B-B063-BEE615696F6B}.AppStore|ARM.ActiveCfg = Release|ARM
		{8E7BB8BE-E0D7-4D5B-B063-BEE615696F6B}.AppStore|ARM.Build.0 = Release|ARM
		{8E7BB8BE-E0D7-4D5B-B063-BEE615696F6B}.AppStore|ARM.Deploy.0 = Release|ARM
		{8E7BB8BE-E0D7-4D5B-B063-BEE615696F6B}.AppStore|iPhone.ActiveCfg = Release|x86
		{8E7BB8BE-E0D7-4D5B-B063-BEE615696F6B}.AppStore|iPhone.Build.0 = Release|x86
		{8E7BB8BE-E0D7-4D5B-B063-BEE615696F6B}.AppStore|iPhone.Deploy.0 = Release|x86
		{8E7BB8BE-E0D7-4D5B-B063-BEE615696F6B}.AppStore|iPhoneSimulator.ActiveCfg = Release|x86
		{8E7BB8BE-E0D7-4D5B-B063-BEE615696F6B}.AppStore|iPhoneSimulator.Build.0 = Release|x86
		{8E7BB8BE-E0D7-4D5B-B063-BEE615696F6B}.AppStore|iPhoneSimulator.Deploy.0 = Release|x86
		{8E7BB8BE-E0D7-4D5B-B063-BEE615696F6B}.AppStore|x64.ActiveCfg = Release|x64
		{8E7BB8BE-E0D7-4D5B-B063-BEE615696F6B}.AppStore|x64.Build.0 = Release|x64
		{8E7BB8BE-E0D7-4D5B-B063-BEE615696F6B}.AppStore|x64.Deploy.0 = Release|x64
		{8E7BB8BE-E0D7-4D5B-B063-BEE615696F6B}.AppStore|x86.ActiveCfg = Release|x86
		{8E7BB8BE-E0D7-4D5B-B063-BEE615696F6B}.AppStore|x86.Build.0 = Release|x86
		{8E7BB8BE-E0D7-4D5B-B063-BEE615696F6B}.AppStore|x86.Deploy.0 = Release|x86
		{8E7BB8BE-E0D7-4D5B-B063-BEE615696F6B}.Debug|Any CPU.ActiveCfg = Debug|x86
		{8E7BB8BE-E0D7-4D5B-B063-BEE615696F6B}.Debug|ARM.ActiveCfg = Debug|ARM
		{8E7BB8BE-E0D7-4D5B-B063-BEE615696F6B}.Debug|ARM.Build.0 = Debug|ARM
		{8E7BB8BE-E0D7-4D5B-B063-BEE615696F6B}.Debug|ARM.Deploy.0 = Debug|ARM
		{8E7BB8BE-E0D7-4D5B-B063-BEE615696F6B}.Debug|iPhone.ActiveCfg = Debug|x86
		{8E7BB8BE-E0D7-4D5B-B063-BEE615696F6B}.Debug|iPhoneSimulator.ActiveCfg = Debug|x86
		{8E7BB8BE-E0D7-4D5B-B063-BEE615696F6B}.Debug|x64.ActiveCfg = Debug|x64
		{8E7BB8BE-E0D7-4D5B-B063-BEE615696F6B}.Debug|x64.Build.0 = Debug|x64
		{8E7BB8BE-E0D7-4D5B-B063-BEE615696F6B}.Debug|x64.Deploy.0 = Debug|x64
		{8E7BB8BE-E0D7-4D5B-B063-BEE615696F6B}.Debug|x86.ActiveCfg = Debug|x86
		{8E7BB8BE-E0D7-4D5B-B063-BEE615696F6B}.Debug|x86.Build.0 = Debug|x86
		{8E7BB8BE-E0D7-4D5B-B063-BEE615696F6B}.Debug|x86.Deploy.0 = Debug|x86
		{8E7BB8BE-E0D7-4D5B-B063-BEE615696F6B}.Release|Any CPU.ActiveCfg = Release|x86
		{8E7BB8BE-E0D7-4D5B-B063-BEE615696F6B}.Release|ARM.ActiveCfg = Release|ARM
		{8E7BB8BE-E0D7-4D5B-B063-BEE615696F6B}.Release|ARM.Build.0 = Release|ARM
		{8E7BB8BE-E0D7-4D5B-B063-BEE615696F6B}.Release|ARM.Deploy.0 = Release|ARM
		{8E7BB8BE-E0D7-4D5B-B063-BEE615696F6B}.Release|iPhone.ActiveCfg = Release|x86
		{8E7BB8BE-E0D7-4D5B-B063-BEE615696F6B}.Release|iPhoneSimulator.ActiveCfg = Release|x86
		{8E7BB8BE-E0D7-4D5B-B063-BEE615696F6B}.Release|x64.ActiveCfg = Release|x64
		{8E7BB8BE-E0D7-4D5B-B063-BEE615696F6B}.Release|x64.Build.0 = Release|x64
		{8E7BB8BE-E0D7-4D5B-B063-BEE615696F6B}.Release|x64.Deploy.0 = Release|x64
		{8E7BB8BE-E0D7-4D5B-B063-BEE615696F6B}.Release|x86.ActiveCfg = Release|x86
		{8E7BB8BE-E0D7-4D5B-B063-BEE615696F6B}.Release|x86.Build.0 = Release|x86
		{8E7BB8BE-E0D7-4D5B-B063-BEE615696F6B}.Release|x86.Deploy.0 = Release|x86
		{BFDD7CCB-CEE4-42DE-B9FD-3D30C5AF1C57}.Ad-Hoc|Any CPU.ActiveCfg = Release|Any CPU
		{BFDD7CCB-CEE4-42DE-B9FD-3D30C5AF1C57}.Ad-Hoc|Any CPU.Build.0 = Release|Any CPU
		{BFDD7CCB-CEE4-42DE-B9FD-3D30C5AF1C57}.Ad-Hoc|ARM.ActiveCfg = Release|Any CPU
		{BFDD7CCB-CEE4-42DE-B9FD-3D30C5AF1C57}.Ad-Hoc|ARM.Build.0 = Release|Any CPU
		{BFDD7CCB-CEE4-42DE-B9FD-3D30C5AF1C57}.Ad-Hoc|iPhone.ActiveCfg = Release|Any CPU
		{BFDD7CCB-CEE4-42DE-B9FD-3D30C5AF1C57}.Ad-Hoc|iPhone.Build.0 = Release|Any CPU
		{BFDD7CCB-CEE4-42DE-B9FD-3D30C5AF1C57}.Ad-Hoc|iPhoneSimulator.ActiveCfg = Release|Any CPU
		{BFDD7CCB-CEE4-42DE-B9FD-3D30C5AF1C57}.Ad-Hoc|iPhoneSimulator.Build.0 = Release|Any CPU
		{BFDD7CCB-CEE4-42DE-B9FD-3D30C5AF1C57}.Ad-Hoc|x64.ActiveCfg = Release|Any CPU
		{BFDD7CCB-CEE4-42DE-B9FD-3D30C5AF1C57}.Ad-Hoc|x64.Build.0 = Release|Any CPU
		{BFDD7CCB-CEE4-42DE-B9FD-3D30C5AF1C57}.Ad-Hoc|x86.ActiveCfg = Release|Any CPU
		{BFDD7CCB-CEE4-42DE-B9FD-3D30C5AF1C57}.Ad-Hoc|x86.Build.0 = Release|Any CPU
		{BFDD7CCB-CEE4-42DE-B9FD-3D30C5AF1C57}.AppStore|Any CPU.ActiveCfg = Release|Any CPU
		{BFDD7CCB-CEE4-42DE-B9FD-3D30C5AF1C57}.AppStore|Any CPU.Build.0 = Release|Any CPU
		{BFDD7CCB-CEE4-42DE-B9FD-3D30C5AF1C57}.AppStore|ARM.ActiveCfg = Release|Any CPU
		{BFDD7CCB-CEE4-42DE-B9FD-3D30C5AF1C57}.AppStore|ARM.Build.0 = Release|Any CPU
		{BFDD7CCB-CEE4-42DE-B9FD-3D30C5AF1C57}.AppStore|iPhone.ActiveCfg = Release|Any CPU
		{BFDD7CCB-CEE4-42DE-B9FD-3D30C5AF1C57}.AppStore|iPhone.Build.0 = Release|Any CPU
		{BFDD7CCB-CEE4-42DE-B9FD-3D30C5AF1C57}.AppStore|iPhoneSimulator.ActiveCfg = Release|Any CPU
		{BFDD7CCB-CEE4-42DE-B9FD-3D30C5AF1C57}.AppStore|iPhoneSimulator.Build.0 = Release|Any CPU
		{BFDD7CCB-CEE4-42DE-B9FD-3D30C5AF1C57}.AppStore|x64.ActiveCfg = Release|Any CPU
		{BFDD7CCB-CEE4-42DE-B9FD-3D30C5AF1C57}.AppStore|x64.Build.0 = Release|Any CPU
		{BFDD7CCB-CEE4-42DE-B9FD-3D30C5AF1C57}.AppStore|x86.ActiveCfg = Release|Any CPU
		{BFDD7CCB-CEE4-42DE-B9FD-3D30C5AF1C57}.AppStore|x86.Build.0 = Release|Any CPU
		{BFDD7CCB-CEE4-42DE-B9FD-3D30C5AF1C57}.Debug|Any CPU.ActiveCfg = Debug|Any CPU
		{BFDD7CCB-CEE4-42DE-B9FD-3D30C5AF1C57}.Debug|Any CPU.Build.0 = Debug|Any CPU
		{BFDD7CCB-CEE4-42DE-B9FD-3D30C5AF1C57}.Debug|ARM.ActiveCfg = Debug|Any CPU
		{BFDD7CCB-CEE4-42DE-B9FD-3D30C5AF1C57}.Debug|ARM.Build.0 = Debug|Any CPU
		{BFDD7CCB-CEE4-42DE-B9FD-3D30C5AF1C57}.Debug|iPhone.ActiveCfg = Debug|Any CPU
		{BFDD7CCB-CEE4-42DE-B9FD-3D30C5AF1C57}.Debug|iPhone.Build.0 = Debug|Any CPU
		{BFDD7CCB-CEE4-42DE-B9FD-3D30C5AF1C57}.Debug|iPhoneSimulator.ActiveCfg = Debug|Any CPU
		{BFDD7CCB-CEE4-42DE-B9FD-3D30C5AF1C57}.Debug|iPhoneSimulator.Build.0 = Debug|Any CPU
		{BFDD7CCB-CEE4-42DE-B9FD-3D30C5AF1C57}.Debug|x64.ActiveCfg = Debug|Any CPU
		{BFDD7CCB-CEE4-42DE-B9FD-3D30C5AF1C57}.Debug|x64.Build.0 = Debug|Any CPU
		{BFDD7CCB-CEE4-42DE-B9FD-3D30C5AF1C57}.Debug|x86.ActiveCfg = Debug|Any CPU
		{BFDD7CCB-CEE4-42DE-B9FD-3D30C5AF1C57}.Debug|x86.Build.0 = Debug|Any CPU
		{BFDD7CCB-CEE4-42DE-B9FD-3D30C5AF1C57}.Release|Any CPU.ActiveCfg = Release|Any CPU
		{BFDD7CCB-CEE4-42DE-B9FD-3D30C5AF1C57}.Release|Any CPU.Build.0 = Release|Any CPU
		{BFDD7CCB-CEE4-42DE-B9FD-3D30C5AF1C57}.Release|ARM.ActiveCfg = Release|Any CPU
		{BFDD7CCB-CEE4-42DE-B9FD-3D30C5AF1C57}.Release|ARM.Build.0 = Release|Any CPU
		{BFDD7CCB-CEE4-42DE-B9FD-3D30C5AF1C57}.Release|iPhone.ActiveCfg = Release|Any CPU
		{BFDD7CCB-CEE4-42DE-B9FD-3D30C5AF1C57}.Release|iPhone.Build.0 = Release|Any CPU
		{BFDD7CCB-CEE4-42DE-B9FD-3D30C5AF1C57}.Release|iPhoneSimulator.ActiveCfg = Release|Any CPU
		{BFDD7CCB-CEE4-42DE-B9FD-3D30C5AF1C57}.Release|iPhoneSimulator.Build.0 = Release|Any CPU
		{BFDD7CCB-CEE4-42DE-B9FD-3D30C5AF1C57}.Release|x64.ActiveCfg = Release|Any CPU
		{BFDD7CCB-CEE4-42DE-B9FD-3D30C5AF1C57}.Release|x64.Build.0 = Release|Any CPU
		{BFDD7CCB-CEE4-42DE-B9FD-3D30C5AF1C57}.Release|x86.ActiveCfg = Release|Any CPU
		{BFDD7CCB-CEE4-42DE-B9FD-3D30C5AF1C57}.Release|x86.Build.0 = Release|Any CPU
		{D8B41CB4-5CC8-41EA-9B2A-1EACCBB33B56}.Ad-Hoc|Any CPU.ActiveCfg = Release|Any CPU
		{D8B41CB4-5CC8-41EA-9B2A-1EACCBB33B56}.Ad-Hoc|Any CPU.Build.0 = Release|Any CPU
		{D8B41CB4-5CC8-41EA-9B2A-1EACCBB33B56}.Ad-Hoc|ARM.ActiveCfg = Release|Any CPU
		{D8B41CB4-5CC8-41EA-9B2A-1EACCBB33B56}.Ad-Hoc|ARM.Build.0 = Release|Any CPU
		{D8B41CB4-5CC8-41EA-9B2A-1EACCBB33B56}.Ad-Hoc|iPhone.ActiveCfg = Release|Any CPU
		{D8B41CB4-5CC8-41EA-9B2A-1EACCBB33B56}.Ad-Hoc|iPhone.Build.0 = Release|Any CPU
		{D8B41CB4-5CC8-41EA-9B2A-1EACCBB33B56}.Ad-Hoc|iPhoneSimulator.ActiveCfg = Release|Any CPU
		{D8B41CB4-5CC8-41EA-9B2A-1EACCBB33B56}.Ad-Hoc|iPhoneSimulator.Build.0 = Release|Any CPU
		{D8B41CB4-5CC8-41EA-9B2A-1EACCBB33B56}.Ad-Hoc|x64.ActiveCfg = Release|Any CPU
		{D8B41CB4-5CC8-41EA-9B2A-1EACCBB33B56}.Ad-Hoc|x64.Build.0 = Release|Any CPU
		{D8B41CB4-5CC8-41EA-9B2A-1EACCBB33B56}.Ad-Hoc|x86.ActiveCfg = Release|Any CPU
		{D8B41CB4-5CC8-41EA-9B2A-1EACCBB33B56}.Ad-Hoc|x86.Build.0 = Release|Any CPU
		{D8B41CB4-5CC8-41EA-9B2A-1EACCBB33B56}.AppStore|Any CPU.ActiveCfg = Release|Any CPU
		{D8B41CB4-5CC8-41EA-9B2A-1EACCBB33B56}.AppStore|Any CPU.Build.0 = Release|Any CPU
		{D8B41CB4-5CC8-41EA-9B2A-1EACCBB33B56}.AppStore|ARM.ActiveCfg = Release|Any CPU
		{D8B41CB4-5CC8-41EA-9B2A-1EACCBB33B56}.AppStore|ARM.Build.0 = Release|Any CPU
		{D8B41CB4-5CC8-41EA-9B2A-1EACCBB33B56}.AppStore|iPhone.ActiveCfg = Release|Any CPU
		{D8B41CB4-5CC8-41EA-9B2A-1EACCBB33B56}.AppStore|iPhone.Build.0 = Release|Any CPU
		{D8B41CB4-5CC8-41EA-9B2A-1EACCBB33B56}.AppStore|iPhoneSimulator.ActiveCfg = Release|Any CPU
		{D8B41CB4-5CC8-41EA-9B2A-1EACCBB33B56}.AppStore|iPhoneSimulator.Build.0 = Release|Any CPU
		{D8B41CB4-5CC8-41EA-9B2A-1EACCBB33B56}.AppStore|x64.ActiveCfg = Release|Any CPU
		{D8B41CB4-5CC8-41EA-9B2A-1EACCBB33B56}.AppStore|x64.Build.0 = Release|Any CPU
		{D8B41CB4-5CC8-41EA-9B2A-1EACCBB33B56}.AppStore|x86.ActiveCfg = Release|Any CPU
		{D8B41CB4-5CC8-41EA-9B2A-1EACCBB33B56}.AppStore|x86.Build.0 = Release|Any CPU
		{D8B41CB4-5CC8-41EA-9B2A-1EACCBB33B56}.Debug|Any CPU.ActiveCfg = Debug|Any CPU
		{D8B41CB4-5CC8-41EA-9B2A-1EACCBB33B56}.Debug|Any CPU.Build.0 = Debug|Any CPU
		{D8B41CB4-5CC8-41EA-9B2A-1EACCBB33B56}.Debug|ARM.ActiveCfg = Debug|Any CPU
		{D8B41CB4-5CC8-41EA-9B2A-1EACCBB33B56}.Debug|ARM.Build.0 = Debug|Any CPU
		{D8B41CB4-5CC8-41EA-9B2A-1EACCBB33B56}.Debug|iPhone.ActiveCfg = Debug|Any CPU
		{D8B41CB4-5CC8-41EA-9B2A-1EACCBB33B56}.Debug|iPhone.Build.0 = Debug|Any CPU
		{D8B41CB4-5CC8-41EA-9B2A-1EACCBB33B56}.Debug|iPhoneSimulator.ActiveCfg = Debug|Any CPU
		{D8B41CB4-5CC8-41EA-9B2A-1EACCBB33B56}.Debug|iPhoneSimulator.Build.0 = Debug|Any CPU
		{D8B41CB4-5CC8-41EA-9B2A-1EACCBB33B56}.Debug|x64.ActiveCfg = Debug|Any CPU
		{D8B41CB4-5CC8-41EA-9B2A-1EACCBB33B56}.Debug|x64.Build.0 = Debug|Any CPU
		{D8B41CB4-5CC8-41EA-9B2A-1EACCBB33B56}.Debug|x86.ActiveCfg = Debug|Any CPU
		{D8B41CB4-5CC8-41EA-9B2A-1EACCBB33B56}.Debug|x86.Build.0 = Debug|Any CPU
		{D8B41CB4-5CC8-41EA-9B2A-1EACCBB33B56}.Release|Any CPU.ActiveCfg = Release|Any CPU
		{D8B41CB4-5CC8-41EA-9B2A-1EACCBB33B56}.Release|Any CPU.Build.0 = Release|Any CPU
		{D8B41CB4-5CC8-41EA-9B2A-1EACCBB33B56}.Release|ARM.ActiveCfg = Release|Any CPU
		{D8B41CB4-5CC8-41EA-9B2A-1EACCBB33B56}.Release|ARM.Build.0 = Release|Any CPU
		{D8B41CB4-5CC8-41EA-9B2A-1EACCBB33B56}.Release|iPhone.ActiveCfg = Release|Any CPU
		{D8B41CB4-5CC8-41EA-9B2A-1EACCBB33B56}.Release|iPhone.Build.0 = Release|Any CPU
		{D8B41CB4-5CC8-41EA-9B2A-1EACCBB33B56}.Release|iPhoneSimulator.ActiveCfg = Release|Any CPU
		{D8B41CB4-5CC8-41EA-9B2A-1EACCBB33B56}.Release|iPhoneSimulator.Build.0 = Release|Any CPU
		{D8B41CB4-5CC8-41EA-9B2A-1EACCBB33B56}.Release|x64.ActiveCfg = Release|Any CPU
		{D8B41CB4-5CC8-41EA-9B2A-1EACCBB33B56}.Release|x64.Build.0 = Release|Any CPU
		{D8B41CB4-5CC8-41EA-9B2A-1EACCBB33B56}.Release|x86.ActiveCfg = Release|Any CPU
		{D8B41CB4-5CC8-41EA-9B2A-1EACCBB33B56}.Release|x86.Build.0 = Release|Any CPU
	EndGlobalSection
	GlobalSection(SolutionProperties) = preSolution
		HideSolutionNode = FALSE
	EndGlobalSection
	GlobalSection(NestedProjects) = preSolution
		{03D49F11-B7C4-4EA1-92CA-65C2F7305ADD} = {613CA06B-B40D-4428-B552-D4CC0F30C684}
		{65DFE5AA-300D-40E8-82A2-B6DB7D72EEC7} = {613CA06B-B40D-4428-B552-D4CC0F30C684}
		{FD943C15-8BFC-48B4-BEA2-9B866D22B10D} = {613CA06B-B40D-4428-B552-D4CC0F30C684}
		{CE8ACC9E-F539-4535-85E8-690CA46CB26A} = {613CA06B-B40D-4428-B552-D4CC0F30C684}
		{94429381-CDDB-43A3-B249-62F960E74F4C} = {A7942B62-D32B-415C-AFEA-1F07CEA772C1}
		{91896DC0-2109-4612-839A-AC06521667E5} = {A7942B62-D32B-415C-AFEA-1F07CEA772C1}
		{99346658-77A9-4BB6-B4C1-DD68BE1D01AF} = {A7942B62-D32B-415C-AFEA-1F07CEA772C1}
		{8E7BB8BE-E0D7-4D5B-B063-BEE615696F6B} = {A7942B62-D32B-415C-AFEA-1F07CEA772C1}
		{FF044C57-09D9-479D-9564-A9765F2BAE7F} = {613CA06B-B40D-4428-B552-D4CC0F30C684}
		{BFDD7CCB-CEE4-42DE-B9FD-3D30C5AF1C57} = {613CA06B-B40D-4428-B552-D4CC0F30C684}
		{D8B41CB4-5CC8-41EA-9B2A-1EACCBB33B56} = {613CA06B-B40D-4428-B552-D4CC0F30C684}
	EndGlobalSection
EndGlobal
