
Microsoft Visual Studio Solution File, Format Version 12.00
# Visual Studio 15
VisualStudioVersion = 15.0.26403.0
MinimumVisualStudioVersion = 10.0.40219.1
Project("{2150E333-8FDC-42A3-9474-1A3956D46DE8}") = "src", "src", "{613CA06B-B40D-4428-B552-D4CC0F30C684}"
EndProject
Project("{2150E333-8FDC-42A3-9474-1A3956D46DE8}") = "Solution Items", "Solution Items", "{D8582458-13E4-4FD2-B945-EE11A7D0C3B3}"
EndProject
Project("{2150E333-8FDC-42A3-9474-1A3956D46DE8}") = "samples", "samples", "{A7942B62-D32B-415C-AFEA-1F07CEA772C1}"
EndProject
Project("{FAE04EC0-301F-11D3-BF4B-00C04F79EFBC}") = "BotFramework.NET", "src\BotFramework.NET\BotFramework.NET.csproj", "{03D49F11-B7C4-4EA1-92CA-65C2F7305ADD}"
EndProject
Project("{D954291E-2A0B-460D-934E-DC6B0785DB48}") = "BotChatForms", "samples\BotChatForms\BotChatForms\BotChatForms.shproj", "{94429381-CDDB-43A3-B249-62F960E74F4C}"
EndProject
Project("{FAE04EC0-301F-11D3-BF4B-00C04F79EFBC}") = "BotChatForms.Droid", "samples\BotChatForms\BotChatForms.Droid\BotChatForms.Droid.csproj", "{91896DC0-2109-4612-839A-AC06521667E5}"
EndProject
Project("{FAE04EC0-301F-11D3-BF4B-00C04F79EFBC}") = "BotChatForms.iOS", "samples\BotChatForms\BotChatForms.iOS\BotChatForms.iOS.csproj", "{99346658-77A9-4BB6-B4C1-DD68BE1D01AF}"
EndProject
Project("{FAE04EC0-301F-11D3-BF4B-00C04F79EFBC}") = "BotChatForms.UWP", "samples\BotChatForms\BotChatForms.UWP\BotChatForms.UWP.csproj", "{8E7BB8BE-E0D7-4D5B-B063-BEE615696F6B}"
EndProject
Project("{9A19103F-16F7-4668-BE54-9A1E7A4F7556}") = "BotFramework.UI.Forms", "src\BotFramework.UI.Forms\BotFramework.UI.Forms.csproj", "{06E8D021-31D9-47F5-A9FF-8248C6F93324}"
EndProject
Project("{9A19103F-16F7-4668-BE54-9A1E7A4F7556}") = "AdaptiveCards", "..\AdaptiveCards\source\dotnet\Library\AdaptiveCards\AdaptiveCards.csproj", "{2A809F1C-3BC6-4631-9E9E-A1FD96598AFF}"
EndProject
Project("{D954291E-2A0B-460D-934E-DC6B0785DB48}") = "AdaptiveCards.Xaml.Shared", "..\AdaptiveCards\source\dotnet\Library\AdaptiveCards.Xaml.Shared\AdaptiveCards.Xaml.Shared.shproj", "{D4E691C8-F685-4E48-83D8-A063868E5E51}"
EndProject
Project("{9A19103F-16F7-4668-BE54-9A1E7A4F7556}") = "AdaptiveCards.Xaml.XamarinForms", "..\AdaptiveCards\source\dotnet\Library\AdaptiveCards.Xaml.XamarinForms\AdaptiveCards.Xaml.XamarinForms.csproj", "{89A65883-7B62-4DE2-A7C5-E4A5F398FF13}"
EndProject
Global
	GlobalSection(SharedMSBuildProjectFiles) = preSolution
		samples\BotChatForms\BotChatForms\BotChatForms.projitems*{8e7bb8be-e0d7-4d5b-b063-bee615696f6b}*SharedItemsImports = 4
		samples\BotChatForms\BotChatForms\BotChatForms.projitems*{91896dc0-2109-4612-839a-ac06521667e5}*SharedItemsImports = 4
		samples\BotChatForms\BotChatForms\BotChatForms.projitems*{94429381-cddb-43a3-b249-62f960e74f4c}*SharedItemsImports = 13
		samples\BotChatForms\BotChatForms\BotChatForms.projitems*{99346658-77a9-4bb6-b4c1-dd68be1d01af}*SharedItemsImports = 4
		..\AdaptiveCards\source\dotnet\Library\AdaptiveCards.Xaml.Shared\AdaptiveCards.Xaml.Shared.projitems*{d4e691c8-f685-4e48-83d8-a063868e5e51}*SharedItemsImports = 13
	EndGlobalSection
	GlobalSection(SolutionConfigurationPlatforms) = preSolution
		Ad-Hoc|Any CPU = Ad-Hoc|Any CPU
		Ad-Hoc|ARM = Ad-Hoc|ARM
		Ad-Hoc|iPhone = Ad-Hoc|iPhone
		Ad-Hoc|iPhoneSimulator = Ad-Hoc|iPhoneSimulator
		Ad-Hoc|x64 = Ad-Hoc|x64
		Ad-Hoc|x86 = Ad-Hoc|x86
		AppStore|Any CPU = AppStore|Any CPU
		AppStore|ARM = AppStore|ARM
		AppStore|iPhone = AppStore|iPhone
		AppStore|iPhoneSimulator = AppStore|iPhoneSimulator
		AppStore|x64 = AppStore|x64
		AppStore|x86 = AppStore|x86
		Debug|Any CPU = Debug|Any CPU
		Debug|ARM = Debug|ARM
		Debug|iPhone = Debug|iPhone
		Debug|iPhoneSimulator = Debug|iPhoneSimulator
		Debug|x64 = Debug|x64
		Debug|x86 = Debug|x86
		Release|Any CPU = Release|Any CPU
		Release|ARM = Release|ARM
		Release|iPhone = Release|iPhone
		Release|iPhoneSimulator = Release|iPhoneSimulator
		Release|x64 = Release|x64
		Release|x86 = Release|x86
	EndGlobalSection
	GlobalSection(ProjectConfigurationPlatforms) = postSolution
		{03D49F11-B7C4-4EA1-92CA-65C2F7305ADD}.Ad-Hoc|Any CPU.ActiveCfg = Debug|Any CPU
		{03D49F11-B7C4-4EA1-92CA-65C2F7305ADD}.Ad-Hoc|Any CPU.Build.0 = Debug|Any CPU
		{03D49F11-B7C4-4EA1-92CA-65C2F7305ADD}.Ad-Hoc|ARM.ActiveCfg = Debug|Any CPU
		{03D49F11-B7C4-4EA1-92CA-65C2F7305ADD}.Ad-Hoc|ARM.Build.0 = Debug|Any CPU
		{03D49F11-B7C4-4EA1-92CA-65C2F7305ADD}.Ad-Hoc|iPhone.ActiveCfg = Debug|Any CPU
		{03D49F11-B7C4-4EA1-92CA-65C2F7305ADD}.Ad-Hoc|iPhone.Build.0 = Debug|Any CPU
		{03D49F11-B7C4-4EA1-92CA-65C2F7305ADD}.Ad-Hoc|iPhoneSimulator.ActiveCfg = Debug|Any CPU
		{03D49F11-B7C4-4EA1-92CA-65C2F7305ADD}.Ad-Hoc|iPhoneSimulator.Build.0 = Debug|Any CPU
		{03D49F11-B7C4-4EA1-92CA-65C2F7305ADD}.Ad-Hoc|x64.ActiveCfg = Debug|Any CPU
		{03D49F11-B7C4-4EA1-92CA-65C2F7305ADD}.Ad-Hoc|x64.Build.0 = Debug|Any CPU
		{03D49F11-B7C4-4EA1-92CA-65C2F7305ADD}.Ad-Hoc|x86.ActiveCfg = Debug|Any CPU
		{03D49F11-B7C4-4EA1-92CA-65C2F7305ADD}.Ad-Hoc|x86.Build.0 = Debug|Any CPU
		{03D49F11-B7C4-4EA1-92CA-65C2F7305ADD}.AppStore|Any CPU.ActiveCfg = Debug|Any CPU
		{03D49F11-B7C4-4EA1-92CA-65C2F7305ADD}.AppStore|Any CPU.Build.0 = Debug|Any CPU
		{03D49F11-B7C4-4EA1-92CA-65C2F7305ADD}.AppStore|ARM.ActiveCfg = Debug|Any CPU
		{03D49F11-B7C4-4EA1-92CA-65C2F7305ADD}.AppStore|ARM.Build.0 = Debug|Any CPU
		{03D49F11-B7C4-4EA1-92CA-65C2F7305ADD}.AppStore|iPhone.ActiveCfg = Debug|Any CPU
		{03D49F11-B7C4-4EA1-92CA-65C2F7305ADD}.AppStore|iPhone.Build.0 = Debug|Any CPU
		{03D49F11-B7C4-4EA1-92CA-65C2F7305ADD}.AppStore|iPhoneSimulator.ActiveCfg = Debug|Any CPU
		{03D49F11-B7C4-4EA1-92CA-65C2F7305ADD}.AppStore|iPhoneSimulator.Build.0 = Debug|Any CPU
		{03D49F11-B7C4-4EA1-92CA-65C2F7305ADD}.AppStore|x64.ActiveCfg = Debug|Any CPU
		{03D49F11-B7C4-4EA1-92CA-65C2F7305ADD}.AppStore|x64.Build.0 = Debug|Any CPU
		{03D49F11-B7C4-4EA1-92CA-65C2F7305ADD}.AppStore|x86.ActiveCfg = Debug|Any CPU
		{03D49F11-B7C4-4EA1-92CA-65C2F7305ADD}.AppStore|x86.Build.0 = Debug|Any CPU
		{03D49F11-B7C4-4EA1-92CA-65C2F7305ADD}.Debug|Any CPU.ActiveCfg = Debug|Any CPU
		{03D49F11-B7C4-4EA1-92CA-65C2F7305ADD}.Debug|Any CPU.Build.0 = Debug|Any CPU
		{03D49F11-B7C4-4EA1-92CA-65C2F7305ADD}.Debug|ARM.ActiveCfg = Debug|Any CPU
		{03D49F11-B7C4-4EA1-92CA-65C2F7305ADD}.Debug|ARM.Build.0 = Debug|Any CPU
		{03D49F11-B7C4-4EA1-92CA-65C2F7305ADD}.Debug|iPhone.ActiveCfg = Debug|Any CPU
		{03D49F11-B7C4-4EA1-92CA-65C2F7305ADD}.Debug|iPhone.Build.0 = Debug|Any CPU
		{03D49F11-B7C4-4EA1-92CA-65C2F7305ADD}.Debug|iPhoneSimulator.ActiveCfg = Debug|Any CPU
		{03D49F11-B7C4-4EA1-92CA-65C2F7305ADD}.Debug|iPhoneSimulator.Build.0 = Debug|Any CPU
		{03D49F11-B7C4-4EA1-92CA-65C2F7305ADD}.Debug|x64.ActiveCfg = Debug|Any CPU
		{03D49F11-B7C4-4EA1-92CA-65C2F7305ADD}.Debug|x64.Build.0 = Debug|Any CPU
		{03D49F11-B7C4-4EA1-92CA-65C2F7305ADD}.Debug|x86.ActiveCfg = Debug|Any CPU
		{03D49F11-B7C4-4EA1-92CA-65C2F7305ADD}.Debug|x86.Build.0 = Debug|Any CPU
		{03D49F11-B7C4-4EA1-92CA-65C2F7305ADD}.Release|Any CPU.ActiveCfg = Release|Any CPU
		{03D49F11-B7C4-4EA1-92CA-65C2F7305ADD}.Release|Any CPU.Build.0 = Release|Any CPU
		{03D49F11-B7C4-4EA1-92CA-65C2F7305ADD}.Release|ARM.ActiveCfg = Release|Any CPU
		{03D49F11-B7C4-4EA1-92CA-65C2F7305ADD}.Release|ARM.Build.0 = Release|Any CPU
		{03D49F11-B7C4-4EA1-92CA-65C2F7305ADD}.Release|iPhone.ActiveCfg = Release|Any CPU
		{03D49F11-B7C4-4EA1-92CA-65C2F7305ADD}.Release|iPhone.Build.0 = Release|Any CPU
		{03D49F11-B7C4-4EA1-92CA-65C2F7305ADD}.Release|iPhoneSimulator.ActiveCfg = Release|Any CPU
		{03D49F11-B7C4-4EA1-92CA-65C2F7305ADD}.Release|iPhoneSimulator.Build.0 = Release|Any CPU
		{03D49F11-B7C4-4EA1-92CA-65C2F7305ADD}.Release|x64.ActiveCfg = Release|Any CPU
		{03D49F11-B7C4-4EA1-92CA-65C2F7305ADD}.Release|x64.Build.0 = Release|Any CPU
		{03D49F11-B7C4-4EA1-92CA-65C2F7305ADD}.Release|x86.ActiveCfg = Release|Any CPU
		{03D49F11-B7C4-4EA1-92CA-65C2F7305ADD}.Release|x86.Build.0 = Release|Any CPU
		{91896DC0-2109-4612-839A-AC06521667E5}.Ad-Hoc|Any CPU.ActiveCfg = Release|Any CPU
		{91896DC0-2109-4612-839A-AC06521667E5}.Ad-Hoc|Any CPU.Build.0 = Release|Any CPU
		{91896DC0-2109-4612-839A-AC06521667E5}.Ad-Hoc|Any CPU.Deploy.0 = Release|Any CPU
		{91896DC0-2109-4612-839A-AC06521667E5}.Ad-Hoc|ARM.ActiveCfg = Release|Any CPU
		{91896DC0-2109-4612-839A-AC06521667E5}.Ad-Hoc|ARM.Build.0 = Release|Any CPU
		{91896DC0-2109-4612-839A-AC06521667E5}.Ad-Hoc|ARM.Deploy.0 = Release|Any CPU
		{91896DC0-2109-4612-839A-AC06521667E5}.Ad-Hoc|iPhone.ActiveCfg = Release|Any CPU
		{91896DC0-2109-4612-839A-AC06521667E5}.Ad-Hoc|iPhone.Build.0 = Release|Any CPU
		{91896DC0-2109-4612-839A-AC06521667E5}.Ad-Hoc|iPhone.Deploy.0 = Release|Any CPU
		{91896DC0-2109-4612-839A-AC06521667E5}.Ad-Hoc|iPhoneSimulator.ActiveCfg = Release|Any CPU
		{91896DC0-2109-4612-839A-AC06521667E5}.Ad-Hoc|iPhoneSimulator.Build.0 = Release|Any CPU
		{91896DC0-2109-4612-839A-AC06521667E5}.Ad-Hoc|iPhoneSimulator.Deploy.0 = Release|Any CPU
		{91896DC0-2109-4612-839A-AC06521667E5}.Ad-Hoc|x64.ActiveCfg = Release|Any CPU
		{91896DC0-2109-4612-839A-AC06521667E5}.Ad-Hoc|x64.Build.0 = Release|Any CPU
		{91896DC0-2109-4612-839A-AC06521667E5}.Ad-Hoc|x64.Deploy.0 = Release|Any CPU
		{91896DC0-2109-4612-839A-AC06521667E5}.Ad-Hoc|x86.ActiveCfg = Release|Any CPU
		{91896DC0-2109-4612-839A-AC06521667E5}.Ad-Hoc|x86.Build.0 = Release|Any CPU
		{91896DC0-2109-4612-839A-AC06521667E5}.Ad-Hoc|x86.Deploy.0 = Release|Any CPU
		{91896DC0-2109-4612-839A-AC06521667E5}.AppStore|Any CPU.ActiveCfg = Release|Any CPU
		{91896DC0-2109-4612-839A-AC06521667E5}.AppStore|Any CPU.Build.0 = Release|Any CPU
		{91896DC0-2109-4612-839A-AC06521667E5}.AppStore|Any CPU.Deploy.0 = Release|Any CPU
		{91896DC0-2109-4612-839A-AC06521667E5}.AppStore|ARM.ActiveCfg = Release|Any CPU
		{91896DC0-2109-4612-839A-AC06521667E5}.AppStore|ARM.Build.0 = Release|Any CPU
		{91896DC0-2109-4612-839A-AC06521667E5}.AppStore|ARM.Deploy.0 = Release|Any CPU
		{91896DC0-2109-4612-839A-AC06521667E5}.AppStore|iPhone.ActiveCfg = Release|Any CPU
		{91896DC0-2109-4612-839A-AC06521667E5}.AppStore|iPhone.Build.0 = Release|Any CPU
		{91896DC0-2109-4612-839A-AC06521667E5}.AppStore|iPhone.Deploy.0 = Release|Any CPU
		{91896DC0-2109-4612-839A-AC06521667E5}.AppStore|iPhoneSimulator.ActiveCfg = Release|Any CPU
		{91896DC0-2109-4612-839A-AC06521667E5}.AppStore|iPhoneSimulator.Build.0 = Release|Any CPU
		{91896DC0-2109-4612-839A-AC06521667E5}.AppStore|iPhoneSimulator.Deploy.0 = Release|Any CPU
		{91896DC0-2109-4612-839A-AC06521667E5}.AppStore|x64.ActiveCfg = Release|Any CPU
		{91896DC0-2109-4612-839A-AC06521667E5}.AppStore|x64.Build.0 = Release|Any CPU
		{91896DC0-2109-4612-839A-AC06521667E5}.AppStore|x64.Deploy.0 = Release|Any CPU
		{91896DC0-2109-4612-839A-AC06521667E5}.AppStore|x86.ActiveCfg = Release|Any CPU
		{91896DC0-2109-4612-839A-AC06521667E5}.AppStore|x86.Build.0 = Release|Any CPU
		{91896DC0-2109-4612-839A-AC06521667E5}.AppStore|x86.Deploy.0 = Release|Any CPU
		{91896DC0-2109-4612-839A-AC06521667E5}.Debug|Any CPU.ActiveCfg = Debug|Any CPU
		{91896DC0-2109-4612-839A-AC06521667E5}.Debug|Any CPU.Build.0 = Debug|Any CPU
		{91896DC0-2109-4612-839A-AC06521667E5}.Debug|Any CPU.Deploy.0 = Debug|Any CPU
		{91896DC0-2109-4612-839A-AC06521667E5}.Debug|ARM.ActiveCfg = Debug|Any CPU
		{91896DC0-2109-4612-839A-AC06521667E5}.Debug|ARM.Build.0 = Debug|Any CPU
		{91896DC0-2109-4612-839A-AC06521667E5}.Debug|ARM.Deploy.0 = Debug|Any CPU
		{91896DC0-2109-4612-839A-AC06521667E5}.Debug|iPhone.ActiveCfg = Debug|Any CPU
		{91896DC0-2109-4612-839A-AC06521667E5}.Debug|iPhone.Build.0 = Debug|Any CPU
		{91896DC0-2109-4612-839A-AC06521667E5}.Debug|iPhone.Deploy.0 = Debug|Any CPU
		{91896DC0-2109-4612-839A-AC06521667E5}.Debug|iPhoneSimulator.ActiveCfg = Debug|Any CPU
		{91896DC0-2109-4612-839A-AC06521667E5}.Debug|iPhoneSimulator.Build.0 = Debug|Any CPU
		{91896DC0-2109-4612-839A-AC06521667E5}.Debug|iPhoneSimulator.Deploy.0 = Debug|Any CPU
		{91896DC0-2109-4612-839A-AC06521667E5}.Debug|x64.ActiveCfg = Debug|Any CPU
		{91896DC0-2109-4612-839A-AC06521667E5}.Debug|x64.Build.0 = Debug|Any CPU
		{91896DC0-2109-4612-839A-AC06521667E5}.Debug|x64.Deploy.0 = Debug|Any CPU
		{91896DC0-2109-4612-839A-AC06521667E5}.Debug|x86.ActiveCfg = Debug|Any CPU
		{91896DC0-2109-4612-839A-AC06521667E5}.Debug|x86.Build.0 = Debug|Any CPU
		{91896DC0-2109-4612-839A-AC06521667E5}.Debug|x86.Deploy.0 = Debug|Any CPU
		{91896DC0-2109-4612-839A-AC06521667E5}.Release|Any CPU.ActiveCfg = Release|Any CPU
		{91896DC0-2109-4612-839A-AC06521667E5}.Release|Any CPU.Build.0 = Release|Any CPU
		{91896DC0-2109-4612-839A-AC06521667E5}.Release|Any CPU.Deploy.0 = Release|Any CPU
		{91896DC0-2109-4612-839A-AC06521667E5}.Release|ARM.ActiveCfg = Release|Any CPU
		{91896DC0-2109-4612-839A-AC06521667E5}.Release|ARM.Build.0 = Release|Any CPU
		{91896DC0-2109-4612-839A-AC06521667E5}.Release|ARM.Deploy.0 = Release|Any CPU
		{91896DC0-2109-4612-839A-AC06521667E5}.Release|iPhone.ActiveCfg = Release|Any CPU
		{91896DC0-2109-4612-839A-AC06521667E5}.Release|iPhone.Build.0 = Release|Any CPU
		{91896DC0-2109-4612-839A-AC06521667E5}.Release|iPhone.Deploy.0 = Release|Any CPU
		{91896DC0-2109-4612-839A-AC06521667E5}.Release|iPhoneSimulator.ActiveCfg = Release|Any CPU
		{91896DC0-2109-4612-839A-AC06521667E5}.Release|iPhoneSimulator.Build.0 = Release|Any CPU
		{91896DC0-2109-4612-839A-AC06521667E5}.Release|iPhoneSimulator.Deploy.0 = Release|Any CPU
		{91896DC0-2109-4612-839A-AC06521667E5}.Release|x64.ActiveCfg = Release|Any CPU
		{91896DC0-2109-4612-839A-AC06521667E5}.Release|x64.Build.0 = Release|Any CPU
		{91896DC0-2109-4612-839A-AC06521667E5}.Release|x64.Deploy.0 = Release|Any CPU
		{91896DC0-2109-4612-839A-AC06521667E5}.Release|x86.ActiveCfg = Release|Any CPU
		{91896DC0-2109-4612-839A-AC06521667E5}.Release|x86.Build.0 = Release|Any CPU
		{91896DC0-2109-4612-839A-AC06521667E5}.Release|x86.Deploy.0 = Release|Any CPU
		{99346658-77A9-4BB6-B4C1-DD68BE1D01AF}.Ad-Hoc|Any CPU.ActiveCfg = Ad-Hoc|iPhone
		{99346658-77A9-4BB6-B4C1-DD68BE1D01AF}.Ad-Hoc|ARM.ActiveCfg = Ad-Hoc|iPhone
		{99346658-77A9-4BB6-B4C1-DD68BE1D01AF}.Ad-Hoc|iPhone.ActiveCfg = Ad-Hoc|iPhone
		{99346658-77A9-4BB6-B4C1-DD68BE1D01AF}.Ad-Hoc|iPhone.Build.0 = Ad-Hoc|iPhone
		{99346658-77A9-4BB6-B4C1-DD68BE1D01AF}.Ad-Hoc|iPhoneSimulator.ActiveCfg = Ad-Hoc|iPhoneSimulator
		{99346658-77A9-4BB6-B4C1-DD68BE1D01AF}.Ad-Hoc|iPhoneSimulator.Build.0 = Ad-Hoc|iPhoneSimulator
		{99346658-77A9-4BB6-B4C1-DD68BE1D01AF}.Ad-Hoc|x64.ActiveCfg = Ad-Hoc|iPhone
		{99346658-77A9-4BB6-B4C1-DD68BE1D01AF}.Ad-Hoc|x86.ActiveCfg = Ad-Hoc|iPhone
		{99346658-77A9-4BB6-B4C1-DD68BE1D01AF}.AppStore|Any CPU.ActiveCfg = AppStore|iPhone
		{99346658-77A9-4BB6-B4C1-DD68BE1D01AF}.AppStore|ARM.ActiveCfg = AppStore|iPhone
		{99346658-77A9-4BB6-B4C1-DD68BE1D01AF}.AppStore|iPhone.ActiveCfg = AppStore|iPhone
		{99346658-77A9-4BB6-B4C1-DD68BE1D01AF}.AppStore|iPhone.Build.0 = AppStore|iPhone
		{99346658-77A9-4BB6-B4C1-DD68BE1D01AF}.AppStore|iPhoneSimulator.ActiveCfg = AppStore|iPhoneSimulator
		{99346658-77A9-4BB6-B4C1-DD68BE1D01AF}.AppStore|iPhoneSimulator.Build.0 = AppStore|iPhoneSimulator
		{99346658-77A9-4BB6-B4C1-DD68BE1D01AF}.AppStore|x64.ActiveCfg = AppStore|iPhone
		{99346658-77A9-4BB6-B4C1-DD68BE1D01AF}.AppStore|x86.ActiveCfg = AppStore|iPhone
		{99346658-77A9-4BB6-B4C1-DD68BE1D01AF}.Debug|Any CPU.ActiveCfg = Debug|iPhone
		{99346658-77A9-4BB6-B4C1-DD68BE1D01AF}.Debug|ARM.ActiveCfg = Debug|iPhone
		{99346658-77A9-4BB6-B4C1-DD68BE1D01AF}.Debug|iPhone.ActiveCfg = Debug|iPhone
		{99346658-77A9-4BB6-B4C1-DD68BE1D01AF}.Debug|iPhone.Build.0 = Debug|iPhone
		{99346658-77A9-4BB6-B4C1-DD68BE1D01AF}.Debug|iPhoneSimulator.ActiveCfg = Debug|iPhoneSimulator
		{99346658-77A9-4BB6-B4C1-DD68BE1D01AF}.Debug|iPhoneSimulator.Build.0 = Debug|iPhoneSimulator
		{99346658-77A9-4BB6-B4C1-DD68BE1D01AF}.Debug|x64.ActiveCfg = Debug|iPhone
		{99346658-77A9-4BB6-B4C1-DD68BE1D01AF}.Debug|x86.ActiveCfg = Debug|iPhone
		{99346658-77A9-4BB6-B4C1-DD68BE1D01AF}.Release|Any CPU.ActiveCfg = Release|iPhone
		{99346658-77A9-4BB6-B4C1-DD68BE1D01AF}.Release|ARM.ActiveCfg = Release|iPhone
		{99346658-77A9-4BB6-B4C1-DD68BE1D01AF}.Release|iPhone.ActiveCfg = Release|iPhone
		{99346658-77A9-4BB6-B4C1-DD68BE1D01AF}.Release|iPhone.Build.0 = Release|iPhone
		{99346658-77A9-4BB6-B4C1-DD68BE1D01AF}.Release|iPhoneSimulator.ActiveCfg = Release|iPhoneSimulator
		{99346658-77A9-4BB6-B4C1-DD68BE1D01AF}.Release|iPhoneSimulator.Build.0 = Release|iPhoneSimulator
		{99346658-77A9-4BB6-B4C1-DD68BE1D01AF}.Release|x64.ActiveCfg = Release|iPhone
		{99346658-77A9-4BB6-B4C1-DD68BE1D01AF}.Release|x86.ActiveCfg = Release|iPhone
		{8E7BB8BE-E0D7-4D5B-B063-BEE615696F6B}.Ad-Hoc|Any CPU.ActiveCfg = Release|x86
		{8E7BB8BE-E0D7-4D5B-B063-BEE615696F6B}.Ad-Hoc|Any CPU.Build.0 = Release|x86
		{8E7BB8BE-E0D7-4D5B-B063-BEE615696F6B}.Ad-Hoc|Any CPU.Deploy.0 = Release|x86
		{8E7BB8BE-E0D7-4D5B-B063-BEE615696F6B}.Ad-Hoc|ARM.ActiveCfg = Release|ARM
		{8E7BB8BE-E0D7-4D5B-B063-BEE615696F6B}.Ad-Hoc|ARM.Build.0 = Release|ARM
		{8E7BB8BE-E0D7-4D5B-B063-BEE615696F6B}.Ad-Hoc|ARM.Deploy.0 = Release|ARM
		{8E7BB8BE-E0D7-4D5B-B063-BEE615696F6B}.Ad-Hoc|iPhone.ActiveCfg = Release|x86
		{8E7BB8BE-E0D7-4D5B-B063-BEE615696F6B}.Ad-Hoc|iPhone.Build.0 = Release|x86
		{8E7BB8BE-E0D7-4D5B-B063-BEE615696F6B}.Ad-Hoc|iPhone.Deploy.0 = Release|x86
		{8E7BB8BE-E0D7-4D5B-B063-BEE615696F6B}.Ad-Hoc|iPhoneSimulator.ActiveCfg = Release|x86
		{8E7BB8BE-E0D7-4D5B-B063-BEE615696F6B}.Ad-Hoc|iPhoneSimulator.Build.0 = Release|x86
		{8E7BB8BE-E0D7-4D5B-B063-BEE615696F6B}.Ad-Hoc|iPhoneSimulator.Deploy.0 = Release|x86
		{8E7BB8BE-E0D7-4D5B-B063-BEE615696F6B}.Ad-Hoc|x64.ActiveCfg = Release|x64
		{8E7BB8BE-E0D7-4D5B-B063-BEE615696F6B}.Ad-Hoc|x64.Build.0 = Release|x64
		{8E7BB8BE-E0D7-4D5B-B063-BEE615696F6B}.Ad-Hoc|x64.Deploy.0 = Release|x64
		{8E7BB8BE-E0D7-4D5B-B063-BEE615696F6B}.Ad-Hoc|x86.ActiveCfg = Release|x86
		{8E7BB8BE-E0D7-4D5B-B063-BEE615696F6B}.Ad-Hoc|x86.Build.0 = Release|x86
		{8E7BB8BE-E0D7-4D5B-B063-BEE615696F6B}.Ad-Hoc|x86.Deploy.0 = Release|x86
		{8E7BB8BE-E0D7-4D5B-B063-BEE615696F6B}.AppStore|Any CPU.ActiveCfg = Release|x86
		{8E7BB8BE-E0D7-4D5B-B063-BEE615696F6B}.AppStore|Any CPU.Build.0 = Release|x86
		{8E7BB8BE-E0D7-4D5B-B063-BEE615696F6B}.AppStore|Any CPU.Deploy.0 = Release|x86
		{8E7BB8BE-E0D7-4D5B-B063-BEE615696F6B}.AppStore|ARM.ActiveCfg = Release|ARM
		{8E7BB8BE-E0D7-4D5B-B063-BEE615696F6B}.AppStore|ARM.Build.0 = Release|ARM
		{8E7BB8BE-E0D7-4D5B-B063-BEE615696F6B}.AppStore|ARM.Deploy.0 = Release|ARM
		{8E7BB8BE-E0D7-4D5B-B063-BEE615696F6B}.AppStore|iPhone.ActiveCfg = Release|x86
		{8E7BB8BE-E0D7-4D5B-B063-BEE615696F6B}.AppStore|iPhone.Build.0 = Release|x86
		{8E7BB8BE-E0D7-4D5B-B063-BEE615696F6B}.AppStore|iPhone.Deploy.0 = Release|x86
		{8E7BB8BE-E0D7-4D5B-B063-BEE615696F6B}.AppStore|iPhoneSimulator.ActiveCfg = Release|x86
		{8E7BB8BE-E0D7-4D5B-B063-BEE615696F6B}.AppStore|iPhoneSimulator.Build.0 = Release|x86
		{8E7BB8BE-E0D7-4D5B-B063-BEE615696F6B}.AppStore|iPhoneSimulator.Deploy.0 = Release|x86
		{8E7BB8BE-E0D7-4D5B-B063-BEE615696F6B}.AppStore|x64.ActiveCfg = Release|x64
		{8E7BB8BE-E0D7-4D5B-B063-BEE615696F6B}.AppStore|x64.Build.0 = Release|x64
		{8E7BB8BE-E0D7-4D5B-B063-BEE615696F6B}.AppStore|x64.Deploy.0 = Release|x64
		{8E7BB8BE-E0D7-4D5B-B063-BEE615696F6B}.AppStore|x86.ActiveCfg = Release|x86
		{8E7BB8BE-E0D7-4D5B-B063-BEE615696F6B}.AppStore|x86.Build.0 = Release|x86
		{8E7BB8BE-E0D7-4D5B-B063-BEE615696F6B}.AppStore|x86.Deploy.0 = Release|x86
		{8E7BB8BE-E0D7-4D5B-B063-BEE615696F6B}.Debug|Any CPU.ActiveCfg = Debug|x86
		{8E7BB8BE-E0D7-4D5B-B063-BEE615696F6B}.Debug|ARM.ActiveCfg = Debug|ARM
		{8E7BB8BE-E0D7-4D5B-B063-BEE615696F6B}.Debug|ARM.Build.0 = Debug|ARM
		{8E7BB8BE-E0D7-4D5B-B063-BEE615696F6B}.Debug|ARM.Deploy.0 = Debug|ARM
		{8E7BB8BE-E0D7-4D5B-B063-BEE615696F6B}.Debug|iPhone.ActiveCfg = Debug|x86
		{8E7BB8BE-E0D7-4D5B-B063-BEE615696F6B}.Debug|iPhoneSimulator.ActiveCfg = Debug|x86
		{8E7BB8BE-E0D7-4D5B-B063-BEE615696F6B}.Debug|x64.ActiveCfg = Debug|x64
		{8E7BB8BE-E0D7-4D5B-B063-BEE615696F6B}.Debug|x64.Build.0 = Debug|x64
		{8E7BB8BE-E0D7-4D5B-B063-BEE615696F6B}.Debug|x64.Deploy.0 = Debug|x64
		{8E7BB8BE-E0D7-4D5B-B063-BEE615696F6B}.Debug|x86.ActiveCfg = Debug|x86
		{8E7BB8BE-E0D7-4D5B-B063-BEE615696F6B}.Debug|x86.Build.0 = Debug|x86
		{8E7BB8BE-E0D7-4D5B-B063-BEE615696F6B}.Debug|x86.Deploy.0 = Debug|x86
		{8E7BB8BE-E0D7-4D5B-B063-BEE615696F6B}.Release|Any CPU.ActiveCfg = Release|x86
		{8E7BB8BE-E0D7-4D5B-B063-BEE615696F6B}.Release|ARM.ActiveCfg = Release|ARM
		{8E7BB8BE-E0D7-4D5B-B063-BEE615696F6B}.Release|ARM.Build.0 = Release|ARM
		{8E7BB8BE-E0D7-4D5B-B063-BEE615696F6B}.Release|ARM.Deploy.0 = Release|ARM
		{8E7BB8BE-E0D7-4D5B-B063-BEE615696F6B}.Release|iPhone.ActiveCfg = Release|x86
		{8E7BB8BE-E0D7-4D5B-B063-BEE615696F6B}.Release|iPhoneSimulator.ActiveCfg = Release|x86
		{8E7BB8BE-E0D7-4D5B-B063-BEE615696F6B}.Release|x64.ActiveCfg = Release|x64
		{8E7BB8BE-E0D7-4D5B-B063-BEE615696F6B}.Release|x64.Build.0 = Release|x64
		{8E7BB8BE-E0D7-4D5B-B063-BEE615696F6B}.Release|x64.Deploy.0 = Release|x64
		{8E7BB8BE-E0D7-4D5B-B063-BEE615696F6B}.Release|x86.ActiveCfg = Release|x86
		{8E7BB8BE-E0D7-4D5B-B063-BEE615696F6B}.Release|x86.Build.0 = Release|x86
		{8E7BB8BE-E0D7-4D5B-B063-BEE615696F6B}.Release|x86.Deploy.0 = Release|x86
		{06E8D021-31D9-47F5-A9FF-8248C6F93324}.Ad-Hoc|Any CPU.ActiveCfg = Debug|Any CPU
		{06E8D021-31D9-47F5-A9FF-8248C6F93324}.Ad-Hoc|Any CPU.Build.0 = Debug|Any CPU
		{06E8D021-31D9-47F5-A9FF-8248C6F93324}.Ad-Hoc|ARM.ActiveCfg = Debug|Any CPU
		{06E8D021-31D9-47F5-A9FF-8248C6F93324}.Ad-Hoc|ARM.Build.0 = Debug|Any CPU
		{06E8D021-31D9-47F5-A9FF-8248C6F93324}.Ad-Hoc|iPhone.ActiveCfg = Debug|Any CPU
		{06E8D021-31D9-47F5-A9FF-8248C6F93324}.Ad-Hoc|iPhone.Build.0 = Debug|Any CPU
		{06E8D021-31D9-47F5-A9FF-8248C6F93324}.Ad-Hoc|iPhoneSimulator.ActiveCfg = Debug|Any CPU
		{06E8D021-31D9-47F5-A9FF-8248C6F93324}.Ad-Hoc|iPhoneSimulator.Build.0 = Debug|Any CPU
		{06E8D021-31D9-47F5-A9FF-8248C6F93324}.Ad-Hoc|x64.ActiveCfg = Debug|Any CPU
		{06E8D021-31D9-47F5-A9FF-8248C6F93324}.Ad-Hoc|x64.Build.0 = Debug|Any CPU
		{06E8D021-31D9-47F5-A9FF-8248C6F93324}.Ad-Hoc|x86.ActiveCfg = Debug|Any CPU
		{06E8D021-31D9-47F5-A9FF-8248C6F93324}.Ad-Hoc|x86.Build.0 = Debug|Any CPU
		{06E8D021-31D9-47F5-A9FF-8248C6F93324}.AppStore|Any CPU.ActiveCfg = Debug|Any CPU
		{06E8D021-31D9-47F5-A9FF-8248C6F93324}.AppStore|Any CPU.Build.0 = Debug|Any CPU
		{06E8D021-31D9-47F5-A9FF-8248C6F93324}.AppStore|ARM.ActiveCfg = Debug|Any CPU
		{06E8D021-31D9-47F5-A9FF-8248C6F93324}.AppStore|ARM.Build.0 = Debug|Any CPU
		{06E8D021-31D9-47F5-A9FF-8248C6F93324}.AppStore|iPhone.ActiveCfg = Debug|Any CPU
		{06E8D021-31D9-47F5-A9FF-8248C6F93324}.AppStore|iPhone.Build.0 = Debug|Any CPU
		{06E8D021-31D9-47F5-A9FF-8248C6F93324}.AppStore|iPhoneSimulator.ActiveCfg = Debug|Any CPU
		{06E8D021-31D9-47F5-A9FF-8248C6F93324}.AppStore|iPhoneSimulator.Build.0 = Debug|Any CPU
		{06E8D021-31D9-47F5-A9FF-8248C6F93324}.AppStore|x64.ActiveCfg = Debug|Any CPU
		{06E8D021-31D9-47F5-A9FF-8248C6F93324}.AppStore|x64.Build.0 = Debug|Any CPU
		{06E8D021-31D9-47F5-A9FF-8248C6F93324}.AppStore|x86.ActiveCfg = Debug|Any CPU
		{06E8D021-31D9-47F5-A9FF-8248C6F93324}.AppStore|x86.Build.0 = Debug|Any CPU
		{06E8D021-31D9-47F5-A9FF-8248C6F93324}.Debug|Any CPU.ActiveCfg = Debug|Any CPU
		{06E8D021-31D9-47F5-A9FF-8248C6F93324}.Debug|Any CPU.Build.0 = Debug|Any CPU
		{06E8D021-31D9-47F5-A9FF-8248C6F93324}.Debug|ARM.ActiveCfg = Debug|Any CPU
		{06E8D021-31D9-47F5-A9FF-8248C6F93324}.Debug|ARM.Build.0 = Debug|Any CPU
		{06E8D021-31D9-47F5-A9FF-8248C6F93324}.Debug|iPhone.ActiveCfg = Debug|Any CPU
		{06E8D021-31D9-47F5-A9FF-8248C6F93324}.Debug|iPhone.Build.0 = Debug|Any CPU
		{06E8D021-31D9-47F5-A9FF-8248C6F93324}.Debug|iPhoneSimulator.ActiveCfg = Debug|Any CPU
		{06E8D021-31D9-47F5-A9FF-8248C6F93324}.Debug|iPhoneSimulator.Build.0 = Debug|Any CPU
		{06E8D021-31D9-47F5-A9FF-8248C6F93324}.Debug|x64.ActiveCfg = Debug|Any CPU
		{06E8D021-31D9-47F5-A9FF-8248C6F93324}.Debug|x64.Build.0 = Debug|Any CPU
		{06E8D021-31D9-47F5-A9FF-8248C6F93324}.Debug|x86.ActiveCfg = Debug|Any CPU
		{06E8D021-31D9-47F5-A9FF-8248C6F93324}.Debug|x86.Build.0 = Debug|Any CPU
		{06E8D021-31D9-47F5-A9FF-8248C6F93324}.Release|Any CPU.ActiveCfg = Release|Any CPU
		{06E8D021-31D9-47F5-A9FF-8248C6F93324}.Release|Any CPU.Build.0 = Release|Any CPU
		{06E8D021-31D9-47F5-A9FF-8248C6F93324}.Release|ARM.ActiveCfg = Release|Any CPU
		{06E8D021-31D9-47F5-A9FF-8248C6F93324}.Release|ARM.Build.0 = Release|Any CPU
		{06E8D021-31D9-47F5-A9FF-8248C6F93324}.Release|iPhone.ActiveCfg = Release|Any CPU
		{06E8D021-31D9-47F5-A9FF-8248C6F93324}.Release|iPhone.Build.0 = Release|Any CPU
		{06E8D021-31D9-47F5-A9FF-8248C6F93324}.Release|iPhoneSimulator.ActiveCfg = Release|Any CPU
		{06E8D021-31D9-47F5-A9FF-8248C6F93324}.Release|iPhoneSimulator.Build.0 = Release|Any CPU
		{06E8D021-31D9-47F5-A9FF-8248C6F93324}.Release|x64.ActiveCfg = Release|Any CPU
		{06E8D021-31D9-47F5-A9FF-8248C6F93324}.Release|x64.Build.0 = Release|Any CPU
		{06E8D021-31D9-47F5-A9FF-8248C6F93324}.Release|x86.ActiveCfg = Release|Any CPU
		{06E8D021-31D9-47F5-A9FF-8248C6F93324}.Release|x86.Build.0 = Release|Any CPU
		{2A809F1C-3BC6-4631-9E9E-A1FD96598AFF}.Ad-Hoc|Any CPU.ActiveCfg = Debug|Any CPU
		{2A809F1C-3BC6-4631-9E9E-A1FD96598AFF}.Ad-Hoc|Any CPU.Build.0 = Debug|Any CPU
		{2A809F1C-3BC6-4631-9E9E-A1FD96598AFF}.Ad-Hoc|ARM.ActiveCfg = Debug|Any CPU
		{2A809F1C-3BC6-4631-9E9E-A1FD96598AFF}.Ad-Hoc|ARM.Build.0 = Debug|Any CPU
		{2A809F1C-3BC6-4631-9E9E-A1FD96598AFF}.Ad-Hoc|iPhone.ActiveCfg = Debug|Any CPU
		{2A809F1C-3BC6-4631-9E9E-A1FD96598AFF}.Ad-Hoc|iPhone.Build.0 = Debug|Any CPU
		{2A809F1C-3BC6-4631-9E9E-A1FD96598AFF}.Ad-Hoc|iPhoneSimulator.ActiveCfg = Debug|Any CPU
		{2A809F1C-3BC6-4631-9E9E-A1FD96598AFF}.Ad-Hoc|iPhoneSimulator.Build.0 = Debug|Any CPU
		{2A809F1C-3BC6-4631-9E9E-A1FD96598AFF}.Ad-Hoc|x64.ActiveCfg = Debug|Any CPU
		{2A809F1C-3BC6-4631-9E9E-A1FD96598AFF}.Ad-Hoc|x64.Build.0 = Debug|Any CPU
		{2A809F1C-3BC6-4631-9E9E-A1FD96598AFF}.Ad-Hoc|x86.ActiveCfg = Debug|Any CPU
		{2A809F1C-3BC6-4631-9E9E-A1FD96598AFF}.Ad-Hoc|x86.Build.0 = Debug|Any CPU
		{2A809F1C-3BC6-4631-9E9E-A1FD96598AFF}.AppStore|Any CPU.ActiveCfg = Debug|Any CPU
		{2A809F1C-3BC6-4631-9E9E-A1FD96598AFF}.AppStore|Any CPU.Build.0 = Debug|Any CPU
		{2A809F1C-3BC6-4631-9E9E-A1FD96598AFF}.AppStore|ARM.ActiveCfg = Debug|Any CPU
		{2A809F1C-3BC6-4631-9E9E-A1FD96598AFF}.AppStore|ARM.Build.0 = Debug|Any CPU
		{2A809F1C-3BC6-4631-9E9E-A1FD96598AFF}.AppStore|iPhone.ActiveCfg = Debug|Any CPU
		{2A809F1C-3BC6-4631-9E9E-A1FD96598AFF}.AppStore|iPhone.Build.0 = Debug|Any CPU
		{2A809F1C-3BC6-4631-9E9E-A1FD96598AFF}.AppStore|iPhoneSimulator.ActiveCfg = Debug|Any CPU
		{2A809F1C-3BC6-4631-9E9E-A1FD96598AFF}.AppStore|iPhoneSimulator.Build.0 = Debug|Any CPU
		{2A809F1C-3BC6-4631-9E9E-A1FD96598AFF}.AppStore|x64.ActiveCfg = Debug|Any CPU
		{2A809F1C-3BC6-4631-9E9E-A1FD96598AFF}.AppStore|x64.Build.0 = Debug|Any CPU
		{2A809F1C-3BC6-4631-9E9E-A1FD96598AFF}.AppStore|x86.ActiveCfg = Debug|Any CPU
		{2A809F1C-3BC6-4631-9E9E-A1FD96598AFF}.AppStore|x86.Build.0 = Debug|Any CPU
		{2A809F1C-3BC6-4631-9E9E-A1FD96598AFF}.Debug|Any CPU.ActiveCfg = Debug|Any CPU
		{2A809F1C-3BC6-4631-9E9E-A1FD96598AFF}.Debug|Any CPU.Build.0 = Debug|Any CPU
		{2A809F1C-3BC6-4631-9E9E-A1FD96598AFF}.Debug|ARM.ActiveCfg = Debug|Any CPU
		{2A809F1C-3BC6-4631-9E9E-A1FD96598AFF}.Debug|ARM.Build.0 = Debug|Any CPU
		{2A809F1C-3BC6-4631-9E9E-A1FD96598AFF}.Debug|iPhone.ActiveCfg = Debug|Any CPU
		{2A809F1C-3BC6-4631-9E9E-A1FD96598AFF}.Debug|iPhone.Build.0 = Debug|Any CPU
		{2A809F1C-3BC6-4631-9E9E-A1FD96598AFF}.Debug|iPhoneSimulator.ActiveCfg = Debug|Any CPU
		{2A809F1C-3BC6-4631-9E9E-A1FD96598AFF}.Debug|iPhoneSimulator.Build.0 = Debug|Any CPU
		{2A809F1C-3BC6-4631-9E9E-A1FD96598AFF}.Debug|x64.ActiveCfg = Debug|Any CPU
		{2A809F1C-3BC6-4631-9E9E-A1FD96598AFF}.Debug|x64.Build.0 = Debug|Any CPU
		{2A809F1C-3BC6-4631-9E9E-A1FD96598AFF}.Debug|x86.ActiveCfg = Debug|Any CPU
		{2A809F1C-3BC6-4631-9E9E-A1FD96598AFF}.Debug|x86.Build.0 = Debug|Any CPU
		{2A809F1C-3BC6-4631-9E9E-A1FD96598AFF}.Release|Any CPU.ActiveCfg = Release|Any CPU
		{2A809F1C-3BC6-4631-9E9E-A1FD96598AFF}.Release|Any CPU.Build.0 = Release|Any CPU
		{2A809F1C-3BC6-4631-9E9E-A1FD96598AFF}.Release|ARM.ActiveCfg = Release|Any CPU
		{2A809F1C-3BC6-4631-9E9E-A1FD96598AFF}.Release|ARM.Build.0 = Release|Any CPU
		{2A809F1C-3BC6-4631-9E9E-A1FD96598AFF}.Release|iPhone.ActiveCfg = Release|Any CPU
		{2A809F1C-3BC6-4631-9E9E-A1FD96598AFF}.Release|iPhone.Build.0 = Release|Any CPU
		{2A809F1C-3BC6-4631-9E9E-A1FD96598AFF}.Release|iPhoneSimulator.ActiveCfg = Release|Any CPU
		{2A809F1C-3BC6-4631-9E9E-A1FD96598AFF}.Release|iPhoneSimulator.Build.0 = Release|Any CPU
		{2A809F1C-3BC6-4631-9E9E-A1FD96598AFF}.Release|x64.ActiveCfg = Release|Any CPU
		{2A809F1C-3BC6-4631-9E9E-A1FD96598AFF}.Release|x64.Build.0 = Release|Any CPU
		{2A809F1C-3BC6-4631-9E9E-A1FD96598AFF}.Release|x86.ActiveCfg = Release|Any CPU
		{2A809F1C-3BC6-4631-9E9E-A1FD96598AFF}.Release|x86.Build.0 = Release|Any CPU
		{89A65883-7B62-4DE2-A7C5-E4A5F398FF13}.Ad-Hoc|Any CPU.ActiveCfg = Debug|Any CPU
		{89A65883-7B62-4DE2-A7C5-E4A5F398FF13}.Ad-Hoc|Any CPU.Build.0 = Debug|Any CPU
		{89A65883-7B62-4DE2-A7C5-E4A5F398FF13}.Ad-Hoc|ARM.ActiveCfg = Debug|Any CPU
		{89A65883-7B62-4DE2-A7C5-E4A5F398FF13}.Ad-Hoc|ARM.Build.0 = Debug|Any CPU
		{89A65883-7B62-4DE2-A7C5-E4A5F398FF13}.Ad-Hoc|iPhone.ActiveCfg = Debug|Any CPU
		{89A65883-7B62-4DE2-A7C5-E4A5F398FF13}.Ad-Hoc|iPhone.Build.0 = Debug|Any CPU
		{89A65883-7B62-4DE2-A7C5-E4A5F398FF13}.Ad-Hoc|iPhoneSimulator.ActiveCfg = Debug|Any CPU
		{89A65883-7B62-4DE2-A7C5-E4A5F398FF13}.Ad-Hoc|iPhoneSimulator.Build.0 = Debug|Any CPU
		{89A65883-7B62-4DE2-A7C5-E4A5F398FF13}.Ad-Hoc|x64.ActiveCfg = Debug|Any CPU
		{89A65883-7B62-4DE2-A7C5-E4A5F398FF13}.Ad-Hoc|x64.Build.0 = Debug|Any CPU
		{89A65883-7B62-4DE2-A7C5-E4A5F398FF13}.Ad-Hoc|x86.ActiveCfg = Debug|Any CPU
		{89A65883-7B62-4DE2-A7C5-E4A5F398FF13}.Ad-Hoc|x86.Build.0 = Debug|Any CPU
		{89A65883-7B62-4DE2-A7C5-E4A5F398FF13}.AppStore|Any CPU.ActiveCfg = Debug|Any CPU
		{89A65883-7B62-4DE2-A7C5-E4A5F398FF13}.AppStore|Any CPU.Build.0 = Debug|Any CPU
		{89A65883-7B62-4DE2-A7C5-E4A5F398FF13}.AppStore|ARM.ActiveCfg = Debug|Any CPU
		{89A65883-7B62-4DE2-A7C5-E4A5F398FF13}.AppStore|ARM.Build.0 = Debug|Any CPU
		{89A65883-7B62-4DE2-A7C5-E4A5F398FF13}.AppStore|iPhone.ActiveCfg = Debug|Any CPU
		{89A65883-7B62-4DE2-A7C5-E4A5F398FF13}.AppStore|iPhone.Build.0 = Debug|Any CPU
		{89A65883-7B62-4DE2-A7C5-E4A5F398FF13}.AppStore|iPhoneSimulator.ActiveCfg = Debug|Any CPU
		{89A65883-7B62-4DE2-A7C5-E4A5F398FF13}.AppStore|iPhoneSimulator.Build.0 = Debug|Any CPU
		{89A65883-7B62-4DE2-A7C5-E4A5F398FF13}.AppStore|x64.ActiveCfg = Debug|Any CPU
		{89A65883-7B62-4DE2-A7C5-E4A5F398FF13}.AppStore|x64.Build.0 = Debug|Any CPU
		{89A65883-7B62-4DE2-A7C5-E4A5F398FF13}.AppStore|x86.ActiveCfg = Debug|Any CPU
		{89A65883-7B62-4DE2-A7C5-E4A5F398FF13}.AppStore|x86.Build.0 = Debug|Any CPU
		{89A65883-7B62-4DE2-A7C5-E4A5F398FF13}.Debug|Any CPU.ActiveCfg = Debug|Any CPU
		{89A65883-7B62-4DE2-A7C5-E4A5F398FF13}.Debug|Any CPU.Build.0 = Debug|Any CPU
		{89A65883-7B62-4DE2-A7C5-E4A5F398FF13}.Debug|ARM.ActiveCfg = Debug|Any CPU
		{89A65883-7B62-4DE2-A7C5-E4A5F398FF13}.Debug|ARM.Build.0 = Debug|Any CPU
		{89A65883-7B62-4DE2-A7C5-E4A5F398FF13}.Debug|iPhone.ActiveCfg = Debug|Any CPU
		{89A65883-7B62-4DE2-A7C5-E4A5F398FF13}.Debug|iPhone.Build.0 = Debug|Any CPU
		{89A65883-7B62-4DE2-A7C5-E4A5F398FF13}.Debug|iPhoneSimulator.ActiveCfg = Debug|Any CPU
		{89A65883-7B62-4DE2-A7C5-E4A5F398FF13}.Debug|iPhoneSimulator.Build.0 = Debug|Any CPU
		{89A65883-7B62-4DE2-A7C5-E4A5F398FF13}.Debug|x64.ActiveCfg = Debug|Any CPU
		{89A65883-7B62-4DE2-A7C5-E4A5F398FF13}.Debug|x64.Build.0 = Debug|Any CPU
		{89A65883-7B62-4DE2-A7C5-E4A5F398FF13}.Debug|x86.ActiveCfg = Debug|Any CPU
		{89A65883-7B62-4DE2-A7C5-E4A5F398FF13}.Debug|x86.Build.0 = Debug|Any CPU
		{89A65883-7B62-4DE2-A7C5-E4A5F398FF13}.Release|Any CPU.ActiveCfg = Release|Any CPU
		{89A65883-7B62-4DE2-A7C5-E4A5F398FF13}.Release|Any CPU.Build.0 = Release|Any CPU
		{89A65883-7B62-4DE2-A7C5-E4A5F398FF13}.Release|ARM.ActiveCfg = Release|Any CPU
		{89A65883-7B62-4DE2-A7C5-E4A5F398FF13}.Release|ARM.Build.0 = Release|Any CPU
		{89A65883-7B62-4DE2-A7C5-E4A5F398FF13}.Release|iPhone.ActiveCfg = Release|Any CPU
		{89A65883-7B62-4DE2-A7C5-E4A5F398FF13}.Release|iPhone.Build.0 = Release|Any CPU
		{89A65883-7B62-4DE2-A7C5-E4A5F398FF13}.Release|iPhoneSimulator.ActiveCfg = Release|Any CPU
		{89A65883-7B62-4DE2-A7C5-E4A5F398FF13}.Release|iPhoneSimulator.Build.0 = Release|Any CPU
		{89A65883-7B62-4DE2-A7C5-E4A5F398FF13}.Release|x64.ActiveCfg = Release|Any CPU
		{89A65883-7B62-4DE2-A7C5-E4A5F398FF13}.Release|x64.Build.0 = Release|Any CPU
		{89A65883-7B62-4DE2-A7C5-E4A5F398FF13}.Release|x86.ActiveCfg = Release|Any CPU
		{89A65883-7B62-4DE2-A7C5-E4A5F398FF13}.Release|x86.Build.0 = Release|Any CPU
	EndGlobalSection
	GlobalSection(SolutionProperties) = preSolution
		HideSolutionNode = FALSE
	EndGlobalSection
	GlobalSection(NestedProjects) = preSolution
		{03D49F11-B7C4-4EA1-92CA-65C2F7305ADD} = {613CA06B-B40D-4428-B552-D4CC0F30C684}
		{94429381-CDDB-43A3-B249-62F960E74F4C} = {A7942B62-D32B-415C-AFEA-1F07CEA772C1}
		{91896DC0-2109-4612-839A-AC06521667E5} = {A7942B62-D32B-415C-AFEA-1F07CEA772C1}
		{99346658-77A9-4BB6-B4C1-DD68BE1D01AF} = {A7942B62-D32B-415C-AFEA-1F07CEA772C1}
		{8E7BB8BE-E0D7-4D5B-B063-BEE615696F6B} = {A7942B62-D32B-415C-AFEA-1F07CEA772C1}
		{06E8D021-31D9-47F5-A9FF-8248C6F93324} = {613CA06B-B40D-4428-B552-D4CC0F30C684}
		{2A809F1C-3BC6-4631-9E9E-A1FD96598AFF} = {613CA06B-B40D-4428-B552-D4CC0F30C684}
		{D4E691C8-F685-4E48-83D8-A063868E5E51} = {613CA06B-B40D-4428-B552-D4CC0F30C684}
		{89A65883-7B62-4DE2-A7C5-E4A5F398FF13} = {613CA06B-B40D-4428-B552-D4CC0F30C684}
	EndGlobalSection
EndGlobal
